// !$*UTF8*$!
{
	archiveVersion = 1;
	classes = {
	};
	objectVersion = 45;
	objects = {

/* Begin PBXBuildFile section */
		1D60589F0D05DD5A006BFB54 /* Foundation.framework in Frameworks */ = {isa = PBXBuildFile; fileRef = 1D30AB110D05D00D00671497 /* Foundation.framework */; };
		1DF5F4E00D08C38300B7A737 /* UIKit.framework in Frameworks */ = {isa = PBXBuildFile; fileRef = 1DF5F4DF0D08C38300B7A737 /* UIKit.framework */; };
		288765FD0DF74451002DB57D /* CoreGraphics.framework in Frameworks */ = {isa = PBXBuildFile; fileRef = 288765FC0DF74451002DB57D /* CoreGraphics.framework */; };
		5326AEA810A23A0500278DE6 /* CoreLocation.framework in Frameworks */ = {isa = PBXBuildFile; fileRef = 5326AEA710A23A0500278DE6 /* CoreLocation.framework */; };
		53F323EB10A20EDB00E0DAE4 /* OpenAL.framework in Frameworks */ = {isa = PBXBuildFile; fileRef = 53F323EA10A20EDB00E0DAE4 /* OpenAL.framework */; };
		5E175E571339924A00234482 /* config in Resources */ = {isa = PBXBuildFile; fileRef = 5E175E241339924A00234482 /* config */; };
		5E175E581339924A00234482 /* description in Resources */ = {isa = PBXBuildFile; fileRef = 5E175E251339924A00234482 /* description */; };
		5E175E591339924A00234482 /* FETCH_HEAD in Resources */ = {isa = PBXBuildFile; fileRef = 5E175E261339924A00234482 /* FETCH_HEAD */; };
		5E175E5A1339924A00234482 /* HEAD in Resources */ = {isa = PBXBuildFile; fileRef = 5E175E271339924A00234482 /* HEAD */; };
		5E175E5B1339924A00234482 /* applypatch-msg.sample in Resources */ = {isa = PBXBuildFile; fileRef = 5E175E291339924A00234482 /* applypatch-msg.sample */; };
		5E175E5C1339924A00234482 /* commit-msg.sample in Resources */ = {isa = PBXBuildFile; fileRef = 5E175E2A1339924A00234482 /* commit-msg.sample */; };
		5E175E5D1339924A00234482 /* post-commit.sample in Resources */ = {isa = PBXBuildFile; fileRef = 5E175E2B1339924A00234482 /* post-commit.sample */; };
		5E175E5E1339924A00234482 /* post-receive.sample in Resources */ = {isa = PBXBuildFile; fileRef = 5E175E2C1339924A00234482 /* post-receive.sample */; };
		5E175E5F1339924A00234482 /* post-update.sample in Resources */ = {isa = PBXBuildFile; fileRef = 5E175E2D1339924A00234482 /* post-update.sample */; };
		5E175E601339924A00234482 /* pre-applypatch.sample in Resources */ = {isa = PBXBuildFile; fileRef = 5E175E2E1339924A00234482 /* pre-applypatch.sample */; };
		5E175E611339924A00234482 /* pre-commit.sample in Resources */ = {isa = PBXBuildFile; fileRef = 5E175E2F1339924A00234482 /* pre-commit.sample */; };
		5E175E621339924A00234482 /* pre-rebase.sample in Resources */ = {isa = PBXBuildFile; fileRef = 5E175E301339924A00234482 /* pre-rebase.sample */; };
		5E175E631339924A00234482 /* prepare-commit-msg.sample in Resources */ = {isa = PBXBuildFile; fileRef = 5E175E311339924A00234482 /* prepare-commit-msg.sample */; };
		5E175E641339924A00234482 /* update.sample in Resources */ = {isa = PBXBuildFile; fileRef = 5E175E321339924A00234482 /* update.sample */; };
		5E175E651339924A00234482 /* index in Resources */ = {isa = PBXBuildFile; fileRef = 5E175E331339924A00234482 /* index */; };
		5E175E661339924A00234482 /* exclude in Resources */ = {isa = PBXBuildFile; fileRef = 5E175E351339924A00234482 /* exclude */; };
		5E175E671339924A00234482 /* HEAD in Resources */ = {isa = PBXBuildFile; fileRef = 5E175E371339924A00234482 /* HEAD */; };
		5E175E681339924A00234482 /* master in Resources */ = {isa = PBXBuildFile; fileRef = 5E175E3A1339924A00234482 /* master */; };
		5E175E691339924A00234482 /* HEAD in Resources */ = {isa = PBXBuildFile; fileRef = 5E175E3D1339924A00234482 /* HEAD */; };
		5E175E6A1339924A00234482 /* dbcaeb49053111524e0abab95f390c70301b27 in Resources */ = {isa = PBXBuildFile; fileRef = 5E175E401339924A00234482 /* dbcaeb49053111524e0abab95f390c70301b27 */; };
		5E175E6B1339924A00234482 /* 2aa4eb44d82a5ecf44dcd9e5cc0a474a47c2de in Resources */ = {isa = PBXBuildFile; fileRef = 5E175E421339924A00234482 /* 2aa4eb44d82a5ecf44dcd9e5cc0a474a47c2de */; };
		5E175E6C1339924A00234482 /* b628ad170818d093b50ff7fa6dc8f0d8d0685d in Resources */ = {isa = PBXBuildFile; fileRef = 5E175E431339924A00234482 /* b628ad170818d093b50ff7fa6dc8f0d8d0685d */; };
		5E175E6D1339924A00234482 /* fb2477d6a53c89d5479ebfed27f75b315f2986 in Resources */ = {isa = PBXBuildFile; fileRef = 5E175E451339924A00234482 /* fb2477d6a53c89d5479ebfed27f75b315f2986 */; };
		5E175E6E1339924A00234482 /* pack-e015f9013c623c7f1c2e9293a748c04164d16f4a.idx in Resources */ = {isa = PBXBuildFile; fileRef = 5E175E481339924A00234482 /* pack-e015f9013c623c7f1c2e9293a748c04164d16f4a.idx */; };
		5E175E6F1339924A00234482 /* pack-e015f9013c623c7f1c2e9293a748c04164d16f4a.pack in Resources */ = {isa = PBXBuildFile; fileRef = 5E175E491339924A00234482 /* pack-e015f9013c623c7f1c2e9293a748c04164d16f4a.pack */; };
		5E175E701339924A00234482 /* ORIG_HEAD in Resources */ = {isa = PBXBuildFile; fileRef = 5E175E4A1339924A00234482 /* ORIG_HEAD */; };
		5E175E711339924A00234482 /* packed-refs in Resources */ = {isa = PBXBuildFile; fileRef = 5E175E4B1339924A00234482 /* packed-refs */; };
		5E175E721339924A00234482 /* master in Resources */ = {isa = PBXBuildFile; fileRef = 5E175E4E1339924A00234482 /* master */; };
		5E175E731339924A00234482 /* HEAD in Resources */ = {isa = PBXBuildFile; fileRef = 5E175E511339924A00234482 /* HEAD */; };
		5E175E741339924A00234482 /* ofSoundEffect.cpp in Sources */ = {isa = PBXBuildFile; fileRef = 5E175E531339924A00234482 /* ofSoundEffect.cpp */; };
		5E175E751339924A00234482 /* ofSoundUnit.cpp in Sources */ = {isa = PBXBuildFile; fileRef = 5E175E551339924A00234482 /* ofSoundUnit.cpp */; };
		5E175EDA133992BE00234482 /* ofxSynth.cpp in Sources */ = {isa = PBXBuildFile; fileRef = 5E175EB7133992BE00234482 /* ofxSynth.cpp */; };
		5E175EDB133992BE00234482 /* ofxSynthDelayLine.cpp in Sources */ = {isa = PBXBuildFile; fileRef = 5E175EB9133992BE00234482 /* ofxSynthDelayLine.cpp */; };
		5E175EDC133992BE00234482 /* ofxSynthEnvelope.cpp in Sources */ = {isa = PBXBuildFile; fileRef = 5E175EBB133992BE00234482 /* ofxSynthEnvelope.cpp */; };
		5E175EDD133992BE00234482 /* ofxSynthFilter.cpp in Sources */ = {isa = PBXBuildFile; fileRef = 5E175EBD133992BE00234482 /* ofxSynthFilter.cpp */; };
		5E175EDE133992BE00234482 /* ofxSynthSampler.cpp in Sources */ = {isa = PBXBuildFile; fileRef = 5E175EBF133992BE00234482 /* ofxSynthSampler.cpp */; };
		5E175EDF133992BE00234482 /* ofxSynthWaveWriter.cpp in Sources */ = {isa = PBXBuildFile; fileRef = 5E175EC1133992BE00234482 /* ofxSynthWaveWriter.cpp */; };
		5E25689810ED26CC00A9501C /* PocoFoundation.a in Frameworks */ = {isa = PBXBuildFile; fileRef = 5E25687110ED26CC00A9501C /* PocoFoundation.a */; };
		5E25689910ED26CC00A9501C /* PocoNet.a in Frameworks */ = {isa = PBXBuildFile; fileRef = 5E25687210ED26CC00A9501C /* PocoNet.a */; };
		5E25689A10ED26CC00A9501C /* PocoUtil.a in Frameworks */ = {isa = PBXBuildFile; fileRef = 5E25687310ED26CC00A9501C /* PocoUtil.a */; };
		5E25689B10ED26CC00A9501C /* PocoXML.a in Frameworks */ = {isa = PBXBuildFile; fileRef = 5E25687410ED26CC00A9501C /* PocoXML.a */; };
		5E2568A510ED26CD00A9501C /* PocoFoundation.a in Frameworks */ = {isa = PBXBuildFile; fileRef = 5E25688110ED26CC00A9501C /* PocoFoundation.a */; };
		5E2568A610ED26CD00A9501C /* PocoNet.a in Frameworks */ = {isa = PBXBuildFile; fileRef = 5E25688210ED26CC00A9501C /* PocoNet.a */; };
		5E2568A710ED26CD00A9501C /* PocoUtil.a in Frameworks */ = {isa = PBXBuildFile; fileRef = 5E25688310ED26CC00A9501C /* PocoUtil.a */; };
		5E2568A810ED26CD00A9501C /* PocoXML.a in Frameworks */ = {isa = PBXBuildFile; fileRef = 5E25688410ED26CC00A9501C /* PocoXML.a */; };
		5E739A25133D0C6B0087E195 /* spriteExample.lua in Sources */ = {isa = PBXBuildFile; fileRef = 5E739A24133D0C6B0087E195 /* spriteExample.lua */; };
		5E739A27133D0C8B0087E195 /* spriteSheetExample.png in Resources */ = {isa = PBXBuildFile; fileRef = 5E739A26133D0C8B0087E195 /* spriteSheetExample.png */; };
		5EBBC415133AD8A800B0CE3D /* CollageTexture.cpp in Sources */ = {isa = PBXBuildFile; fileRef = 5EBBC3EF133AD8A800B0CE3D /* CollageTexture.cpp */; };
		5EBBC416133AD8A800B0CE3D /* LinearTexture.cpp in Sources */ = {isa = PBXBuildFile; fileRef = 5EBBC3F1133AD8A800B0CE3D /* LinearTexture.cpp */; };
		5EBBC417133AD8A800B0CE3D /* ofxSpriteSheetRenderer.cpp in Sources */ = {isa = PBXBuildFile; fileRef = 5EBBC3F3133AD8A800B0CE3D /* ofxSpriteSheetRenderer.cpp */; };
		5EBBC418133AD8A800B0CE3D /* PixelTexture.cpp in Sources */ = {isa = PBXBuildFile; fileRef = 5EBBC3F5133AD8A800B0CE3D /* PixelTexture.cpp */; };
		7105A39B13257A090060EAAA /* bludAudioSync.cpp in Sources */ = {isa = PBXBuildFile; fileRef = 7105A39A13257A090060EAAA /* bludAudioSync.cpp */; };
		71804EDD131DDD5F009C406C /* lapi.c in Sources */ = {isa = PBXBuildFile; fileRef = 71804E69131DDD5F009C406C /* lapi.c */; };
		71804EDE131DDD5F009C406C /* lauxlib.c in Sources */ = {isa = PBXBuildFile; fileRef = 71804E6B131DDD5F009C406C /* lauxlib.c */; };
		71804EDF131DDD5F009C406C /* lbaselib.c in Sources */ = {isa = PBXBuildFile; fileRef = 71804E6D131DDD5F009C406C /* lbaselib.c */; };
		71804EE0131DDD5F009C406C /* lcode.c in Sources */ = {isa = PBXBuildFile; fileRef = 71804E6E131DDD5F009C406C /* lcode.c */; };
		71804EE1131DDD5F009C406C /* ldblib.c in Sources */ = {isa = PBXBuildFile; fileRef = 71804E70131DDD5F009C406C /* ldblib.c */; };
		71804EE2131DDD5F009C406C /* ldebug.c in Sources */ = {isa = PBXBuildFile; fileRef = 71804E71131DDD5F009C406C /* ldebug.c */; };
		71804EE3131DDD5F009C406C /* ldo.c in Sources */ = {isa = PBXBuildFile; fileRef = 71804E73131DDD5F009C406C /* ldo.c */; };
		71804EE4131DDD5F009C406C /* ldump.c in Sources */ = {isa = PBXBuildFile; fileRef = 71804E75131DDD5F009C406C /* ldump.c */; };
		71804EE5131DDD5F009C406C /* lfunc.c in Sources */ = {isa = PBXBuildFile; fileRef = 71804E76131DDD5F009C406C /* lfunc.c */; };
		71804EE6131DDD5F009C406C /* lgc.c in Sources */ = {isa = PBXBuildFile; fileRef = 71804E78131DDD5F009C406C /* lgc.c */; };
		71804EE7131DDD5F009C406C /* linit.c in Sources */ = {isa = PBXBuildFile; fileRef = 71804E7A131DDD5F009C406C /* linit.c */; };
		71804EE8131DDD5F009C406C /* liolib.c in Sources */ = {isa = PBXBuildFile; fileRef = 71804E7B131DDD5F009C406C /* liolib.c */; };
		71804EE9131DDD5F009C406C /* llex.c in Sources */ = {isa = PBXBuildFile; fileRef = 71804E7C131DDD5F009C406C /* llex.c */; };
		71804EEA131DDD5F009C406C /* lmathlib.c in Sources */ = {isa = PBXBuildFile; fileRef = 71804E7F131DDD5F009C406C /* lmathlib.c */; };
		71804EEB131DDD5F009C406C /* lmem.c in Sources */ = {isa = PBXBuildFile; fileRef = 71804E80131DDD5F009C406C /* lmem.c */; };
		71804EEC131DDD5F009C406C /* loadlib.c in Sources */ = {isa = PBXBuildFile; fileRef = 71804E82131DDD5F009C406C /* loadlib.c */; };
		71804EED131DDD5F009C406C /* lobject.c in Sources */ = {isa = PBXBuildFile; fileRef = 71804E83131DDD5F009C406C /* lobject.c */; };
		71804EEE131DDD5F009C406C /* lopcodes.c in Sources */ = {isa = PBXBuildFile; fileRef = 71804E85131DDD5F009C406C /* lopcodes.c */; };
		71804EEF131DDD5F009C406C /* loslib.c in Sources */ = {isa = PBXBuildFile; fileRef = 71804E87131DDD5F009C406C /* loslib.c */; };
		71804EF0131DDD5F009C406C /* lparser.c in Sources */ = {isa = PBXBuildFile; fileRef = 71804E88131DDD5F009C406C /* lparser.c */; };
		71804EF1131DDD5F009C406C /* lstate.c in Sources */ = {isa = PBXBuildFile; fileRef = 71804E8A131DDD5F009C406C /* lstate.c */; };
		71804EF2131DDD5F009C406C /* lstring.c in Sources */ = {isa = PBXBuildFile; fileRef = 71804E8C131DDD5F009C406C /* lstring.c */; };
		71804EF3131DDD5F009C406C /* lstrlib.c in Sources */ = {isa = PBXBuildFile; fileRef = 71804E8E131DDD5F009C406C /* lstrlib.c */; };
		71804EF4131DDD5F009C406C /* ltable.c in Sources */ = {isa = PBXBuildFile; fileRef = 71804E8F131DDD5F009C406C /* ltable.c */; };
		71804EF5131DDD5F009C406C /* ltablib.c in Sources */ = {isa = PBXBuildFile; fileRef = 71804E91131DDD5F009C406C /* ltablib.c */; };
		71804EF6131DDD5F009C406C /* ltm.c in Sources */ = {isa = PBXBuildFile; fileRef = 71804E92131DDD5F009C406C /* ltm.c */; };
		71804EF7131DDD5F009C406C /* lundump.c in Sources */ = {isa = PBXBuildFile; fileRef = 71804E97131DDD5F009C406C /* lundump.c */; };
		71804EF8131DDD5F009C406C /* lvm.c in Sources */ = {isa = PBXBuildFile; fileRef = 71804E99131DDD5F009C406C /* lvm.c */; };
		71804EF9131DDD5F009C406C /* lzio.c in Sources */ = {isa = PBXBuildFile; fileRef = 71804E9B131DDD5F009C406C /* lzio.c */; };
		71804EFA131DDD5F009C406C /* Makefile in Sources */ = {isa = PBXBuildFile; fileRef = 71804E9D131DDD5F009C406C /* Makefile */; };
		71804EFB131DDD5F009C406C /* print.c in Sources */ = {isa = PBXBuildFile; fileRef = 71804E9E131DDD5F009C406C /* print.c */; };
		71804EFD131DDD5F009C406C /* ofxBlud.cpp in Sources */ = {isa = PBXBuildFile; fileRef = 71804EA6131DDD5F009C406C /* ofxBlud.cpp */; };
		71804F2C131DE12D009C406C /* bludMixer.cpp in Sources */ = {isa = PBXBuildFile; fileRef = 71804F2B131DE12D009C406C /* bludMixer.cpp */; };
		BB16EBD20F2B2A9500518274 /* OpenGLES.framework in Frameworks */ = {isa = PBXBuildFile; fileRef = BB16EBD10F2B2A9500518274 /* OpenGLES.framework */; };
		BB16EBD90F2B2AB500518274 /* QuartzCore.framework in Frameworks */ = {isa = PBXBuildFile; fileRef = BB16EBD80F2B2AB500518274 /* QuartzCore.framework */; };
		BB24DD8F10DA77E000E9C588 /* Default.png in Resources */ = {isa = PBXBuildFile; fileRef = BB24DD8C10DA77E000E9C588 /* Default.png */; };
		BB24DD9010DA77E000E9C588 /* Icon.png in Resources */ = {isa = PBXBuildFile; fileRef = BB24DD8D10DA77E000E9C588 /* Icon.png */; };
		BB24DDCA10DA781C00E9C588 /* ofxiphone-Info.plist in Resources */ = {isa = PBXBuildFile; fileRef = BB24DDC910DA781C00E9C588 /* ofxiphone-Info.plist */; };
		BBE5EAB80F49AD8400F28951 /* AudioToolbox.framework in Frameworks */ = {isa = PBXBuildFile; fileRef = BBE5EAB70F49AD8400F28951 /* AudioToolbox.framework */; };
		E434BF6512477ED500452519 /* freeimage-iphone.a in Frameworks */ = {isa = PBXBuildFile; fileRef = E434BF6412477ED500452519 /* freeimage-iphone.a */; };
		E434BF6812477EDE00452519 /* freeimage.a in Frameworks */ = {isa = PBXBuildFile; fileRef = E434BF6712477EDE00452519 /* freeimage.a */; };
		E434BF7312477FBA00452519 /* freetype-iphone.a in Frameworks */ = {isa = PBXBuildFile; fileRef = E434BF7212477FBA00452519 /* freetype-iphone.a */; };
		E496D5B11252C8210098A2B3 /* glu-iphone.a in Frameworks */ = {isa = PBXBuildFile; fileRef = E496D5AF1252C8210098A2B3 /* glu-iphone.a */; };
		E496D5B21252C8210098A2B3 /* glu.a in Frameworks */ = {isa = PBXBuildFile; fileRef = E496D5B01252C8210098A2B3 /* glu.a */; };
		E49BCC7A12554CD6009F19D0 /* libofxiPhone_macosx_Release.a in Frameworks */ = {isa = PBXBuildFile; fileRef = E49BCC5012554B6A009F19D0 /* libofxiPhone_macosx_Release.a */; };
		E4A8229F12560AFE002F86A2 /* freetype.a in Frameworks */ = {isa = PBXBuildFile; fileRef = E4A8229E12560AFE002F86A2 /* freetype.a */; };
		E4A823A412561BE3002F86A2 /* CoreGraphics.framework in Frameworks */ = {isa = PBXBuildFile; fileRef = E4A823A312561BE3002F86A2 /* CoreGraphics.framework */; };
		E4D8936E11527B74007E1F53 /* main.mm in Sources */ = {isa = PBXBuildFile; fileRef = E4D8936B11527B74007E1F53 /* main.mm */; };
		E4D8936F11527B74007E1F53 /* testApp.mm in Sources */ = {isa = PBXBuildFile; fileRef = E4D8936D11527B74007E1F53 /* testApp.mm */; };
/* End PBXBuildFile section */

/* Begin PBXContainerItemProxy section */
		E49BCC4F12554B6A009F19D0 /* PBXContainerItemProxy */ = {
			isa = PBXContainerItemProxy;
			containerPortal = E49BCC4812554B69009F19D0 /* iPhone+OF Lib.xcodeproj */;
			proxyType = 2;
			remoteGlobalIDString = BB24DED610DA7A3F00E9C588;
			remoteInfo = "iPhone+OF Static Library";
		};
		E49BCC6D12554C6C009F19D0 /* PBXContainerItemProxy */ = {
			isa = PBXContainerItemProxy;
			containerPortal = E49BCC4812554B69009F19D0 /* iPhone+OF Lib.xcodeproj */;
			proxyType = 1;
			remoteGlobalIDString = BB24DE5C10DA7A3F00E9C588;
			remoteInfo = "iPhone+OF Static Library";
		};
/* End PBXContainerItemProxy section */

/* Begin PBXFileReference section */
		1D30AB110D05D00D00671497 /* Foundation.framework */ = {isa = PBXFileReference; lastKnownFileType = wrapper.framework; name = Foundation.framework; path = System/Library/Frameworks/Foundation.framework; sourceTree = SDKROOT; };
		1D6058910D05DD3D006BFB54 /* emptyExample.app */ = {isa = PBXFileReference; explicitFileType = wrapper.application; includeInIndex = 0; path = emptyExample.app; sourceTree = BUILT_PRODUCTS_DIR; };
		1DF5F4DF0D08C38300B7A737 /* UIKit.framework */ = {isa = PBXFileReference; lastKnownFileType = wrapper.framework; name = UIKit.framework; path = System/Library/Frameworks/UIKit.framework; sourceTree = SDKROOT; };
		288765FC0DF74451002DB57D /* CoreGraphics.framework */ = {isa = PBXFileReference; lastKnownFileType = wrapper.framework; name = CoreGraphics.framework; path = System/Library/Frameworks/CoreGraphics.framework; sourceTree = SDKROOT; };
		32CA4F630368D1EE00C91783 /* iPhone_Prefix.pch */ = {isa = PBXFileReference; fileEncoding = 4; lastKnownFileType = sourcecode.c.h; path = iPhone_Prefix.pch; sourceTree = "<group>"; };
		5326AEA710A23A0500278DE6 /* CoreLocation.framework */ = {isa = PBXFileReference; lastKnownFileType = wrapper.framework; name = CoreLocation.framework; path = System/Library/Frameworks/CoreLocation.framework; sourceTree = SDKROOT; };
		53F323EA10A20EDB00E0DAE4 /* OpenAL.framework */ = {isa = PBXFileReference; lastKnownFileType = wrapper.framework; name = OpenAL.framework; path = System/Library/Frameworks/OpenAL.framework; sourceTree = SDKROOT; };
		5E175E241339924A00234482 /* config */ = {isa = PBXFileReference; fileEncoding = 4; lastKnownFileType = text; name = config; path = ../../ofxDspChain/.git/config; sourceTree = SOURCE_ROOT; };
		5E175E251339924A00234482 /* description */ = {isa = PBXFileReference; fileEncoding = 4; lastKnownFileType = text; name = description; path = ../../ofxDspChain/.git/description; sourceTree = SOURCE_ROOT; };
		5E175E261339924A00234482 /* FETCH_HEAD */ = {isa = PBXFileReference; fileEncoding = 4; lastKnownFileType = text; name = FETCH_HEAD; path = ../../ofxDspChain/.git/FETCH_HEAD; sourceTree = SOURCE_ROOT; };
		5E175E271339924A00234482 /* HEAD */ = {isa = PBXFileReference; fileEncoding = 4; lastKnownFileType = text; name = HEAD; path = ../../ofxDspChain/.git/HEAD; sourceTree = SOURCE_ROOT; };
		5E175E291339924A00234482 /* applypatch-msg.sample */ = {isa = PBXFileReference; fileEncoding = 4; lastKnownFileType = text.script.sh; name = "applypatch-msg.sample"; path = "../../ofxDspChain/.git/hooks/applypatch-msg.sample"; sourceTree = SOURCE_ROOT; };
		5E175E2A1339924A00234482 /* commit-msg.sample */ = {isa = PBXFileReference; fileEncoding = 4; lastKnownFileType = text.script.sh; name = "commit-msg.sample"; path = "../../ofxDspChain/.git/hooks/commit-msg.sample"; sourceTree = SOURCE_ROOT; };
		5E175E2B1339924A00234482 /* post-commit.sample */ = {isa = PBXFileReference; fileEncoding = 4; lastKnownFileType = text.script.sh; name = "post-commit.sample"; path = "../../ofxDspChain/.git/hooks/post-commit.sample"; sourceTree = SOURCE_ROOT; };
		5E175E2C1339924A00234482 /* post-receive.sample */ = {isa = PBXFileReference; fileEncoding = 4; lastKnownFileType = text.script.sh; name = "post-receive.sample"; path = "../../ofxDspChain/.git/hooks/post-receive.sample"; sourceTree = SOURCE_ROOT; };
		5E175E2D1339924A00234482 /* post-update.sample */ = {isa = PBXFileReference; fileEncoding = 4; lastKnownFileType = text.script.sh; name = "post-update.sample"; path = "../../ofxDspChain/.git/hooks/post-update.sample"; sourceTree = SOURCE_ROOT; };
		5E175E2E1339924A00234482 /* pre-applypatch.sample */ = {isa = PBXFileReference; fileEncoding = 4; lastKnownFileType = text.script.sh; name = "pre-applypatch.sample"; path = "../../ofxDspChain/.git/hooks/pre-applypatch.sample"; sourceTree = SOURCE_ROOT; };
		5E175E2F1339924A00234482 /* pre-commit.sample */ = {isa = PBXFileReference; fileEncoding = 4; lastKnownFileType = text.script.sh; name = "pre-commit.sample"; path = "../../ofxDspChain/.git/hooks/pre-commit.sample"; sourceTree = SOURCE_ROOT; };
		5E175E301339924A00234482 /* pre-rebase.sample */ = {isa = PBXFileReference; fileEncoding = 4; lastKnownFileType = text.script.sh; name = "pre-rebase.sample"; path = "../../ofxDspChain/.git/hooks/pre-rebase.sample"; sourceTree = SOURCE_ROOT; };
		5E175E311339924A00234482 /* prepare-commit-msg.sample */ = {isa = PBXFileReference; fileEncoding = 4; lastKnownFileType = text.script.sh; name = "prepare-commit-msg.sample"; path = "../../ofxDspChain/.git/hooks/prepare-commit-msg.sample"; sourceTree = SOURCE_ROOT; };
		5E175E321339924A00234482 /* update.sample */ = {isa = PBXFileReference; fileEncoding = 4; lastKnownFileType = text.script.sh; name = update.sample; path = ../../ofxDspChain/.git/hooks/update.sample; sourceTree = SOURCE_ROOT; };
		5E175E331339924A00234482 /* index */ = {isa = PBXFileReference; lastKnownFileType = file; name = index; path = ../../ofxDspChain/.git/index; sourceTree = SOURCE_ROOT; };
		5E175E351339924A00234482 /* exclude */ = {isa = PBXFileReference; fileEncoding = 4; lastKnownFileType = text; name = exclude; path = ../../ofxDspChain/.git/info/exclude; sourceTree = SOURCE_ROOT; };
		5E175E371339924A00234482 /* HEAD */ = {isa = PBXFileReference; fileEncoding = 4; lastKnownFileType = text; name = HEAD; path = ../../ofxDspChain/.git/logs/HEAD; sourceTree = SOURCE_ROOT; };
		5E175E3A1339924A00234482 /* master */ = {isa = PBXFileReference; fileEncoding = 4; lastKnownFileType = text; name = master; path = ../../ofxDspChain/.git/logs/refs/heads/master; sourceTree = SOURCE_ROOT; };
		5E175E3D1339924A00234482 /* HEAD */ = {isa = PBXFileReference; fileEncoding = 4; lastKnownFileType = text; name = HEAD; path = ../../ofxDspChain/.git/logs/refs/remotes/origin/HEAD; sourceTree = SOURCE_ROOT; };
		5E175E401339924A00234482 /* dbcaeb49053111524e0abab95f390c70301b27 */ = {isa = PBXFileReference; lastKnownFileType = file; name = dbcaeb49053111524e0abab95f390c70301b27; path = ../../ofxDspChain/.git/objects/16/dbcaeb49053111524e0abab95f390c70301b27; sourceTree = SOURCE_ROOT; };
		5E175E421339924A00234482 /* 2aa4eb44d82a5ecf44dcd9e5cc0a474a47c2de */ = {isa = PBXFileReference; lastKnownFileType = file; name = 2aa4eb44d82a5ecf44dcd9e5cc0a474a47c2de; path = ../../ofxDspChain/.git/objects/1e/2aa4eb44d82a5ecf44dcd9e5cc0a474a47c2de; sourceTree = SOURCE_ROOT; };
		5E175E431339924A00234482 /* b628ad170818d093b50ff7fa6dc8f0d8d0685d */ = {isa = PBXFileReference; lastKnownFileType = file; name = b628ad170818d093b50ff7fa6dc8f0d8d0685d; path = ../../ofxDspChain/.git/objects/1e/b628ad170818d093b50ff7fa6dc8f0d8d0685d; sourceTree = SOURCE_ROOT; };
		5E175E451339924A00234482 /* fb2477d6a53c89d5479ebfed27f75b315f2986 */ = {isa = PBXFileReference; lastKnownFileType = file; name = fb2477d6a53c89d5479ebfed27f75b315f2986; path = ../../ofxDspChain/.git/objects/59/fb2477d6a53c89d5479ebfed27f75b315f2986; sourceTree = SOURCE_ROOT; };
		5E175E481339924A00234482 /* pack-e015f9013c623c7f1c2e9293a748c04164d16f4a.idx */ = {isa = PBXFileReference; lastKnownFileType = file; name = "pack-e015f9013c623c7f1c2e9293a748c04164d16f4a.idx"; path = "../../ofxDspChain/.git/objects/pack/pack-e015f9013c623c7f1c2e9293a748c04164d16f4a.idx"; sourceTree = SOURCE_ROOT; };
		5E175E491339924A00234482 /* pack-e015f9013c623c7f1c2e9293a748c04164d16f4a.pack */ = {isa = PBXFileReference; lastKnownFileType = file; name = "pack-e015f9013c623c7f1c2e9293a748c04164d16f4a.pack"; path = "../../ofxDspChain/.git/objects/pack/pack-e015f9013c623c7f1c2e9293a748c04164d16f4a.pack"; sourceTree = SOURCE_ROOT; };
		5E175E4A1339924A00234482 /* ORIG_HEAD */ = {isa = PBXFileReference; fileEncoding = 4; lastKnownFileType = text; name = ORIG_HEAD; path = ../../ofxDspChain/.git/ORIG_HEAD; sourceTree = SOURCE_ROOT; };
		5E175E4B1339924A00234482 /* packed-refs */ = {isa = PBXFileReference; fileEncoding = 4; lastKnownFileType = text; name = "packed-refs"; path = "../../ofxDspChain/.git/packed-refs"; sourceTree = SOURCE_ROOT; };
		5E175E4E1339924A00234482 /* master */ = {isa = PBXFileReference; fileEncoding = 4; lastKnownFileType = text; name = master; path = ../../ofxDspChain/.git/refs/heads/master; sourceTree = SOURCE_ROOT; };
		5E175E511339924A00234482 /* HEAD */ = {isa = PBXFileReference; fileEncoding = 4; lastKnownFileType = text; name = HEAD; path = ../../ofxDspChain/.git/refs/remotes/origin/HEAD; sourceTree = SOURCE_ROOT; };
		5E175E531339924A00234482 /* ofSoundEffect.cpp */ = {isa = PBXFileReference; fileEncoding = 4; lastKnownFileType = sourcecode.cpp.cpp; name = ofSoundEffect.cpp; path = ../../ofxDspChain/ofSoundEffect.cpp; sourceTree = SOURCE_ROOT; };
		5E175E541339924A00234482 /* ofSoundEffect.h */ = {isa = PBXFileReference; fileEncoding = 4; lastKnownFileType = sourcecode.c.h; name = ofSoundEffect.h; path = ../../ofxDspChain/ofSoundEffect.h; sourceTree = SOURCE_ROOT; };
		5E175E551339924A00234482 /* ofSoundUnit.cpp */ = {isa = PBXFileReference; fileEncoding = 4; lastKnownFileType = sourcecode.cpp.cpp; name = ofSoundUnit.cpp; path = ../../ofxDspChain/ofSoundUnit.cpp; sourceTree = SOURCE_ROOT; };
		5E175E561339924A00234482 /* ofSoundUnit.h */ = {isa = PBXFileReference; fileEncoding = 4; lastKnownFileType = sourcecode.c.h; name = ofSoundUnit.h; path = ../../ofxDspChain/ofSoundUnit.h; sourceTree = SOURCE_ROOT; };
		5E175EB7133992BE00234482 /* ofxSynth.cpp */ = {isa = PBXFileReference; fileEncoding = 4; lastKnownFileType = sourcecode.cpp.cpp; name = ofxSynth.cpp; path = ../../ofxSynthDev/src/ofxSynth.cpp; sourceTree = SOURCE_ROOT; };
		5E175EB8133992BE00234482 /* ofxSynth.h */ = {isa = PBXFileReference; fileEncoding = 4; lastKnownFileType = sourcecode.c.h; name = ofxSynth.h; path = ../../ofxSynthDev/src/ofxSynth.h; sourceTree = SOURCE_ROOT; };
		5E175EB9133992BE00234482 /* ofxSynthDelayLine.cpp */ = {isa = PBXFileReference; fileEncoding = 4; lastKnownFileType = sourcecode.cpp.cpp; name = ofxSynthDelayLine.cpp; path = ../../ofxSynthDev/src/ofxSynthDelayLine.cpp; sourceTree = SOURCE_ROOT; };
		5E175EBA133992BE00234482 /* ofxSynthDelayLine.h */ = {isa = PBXFileReference; fileEncoding = 4; lastKnownFileType = sourcecode.c.h; name = ofxSynthDelayLine.h; path = ../../ofxSynthDev/src/ofxSynthDelayLine.h; sourceTree = SOURCE_ROOT; };
		5E175EBB133992BE00234482 /* ofxSynthEnvelope.cpp */ = {isa = PBXFileReference; fileEncoding = 4; lastKnownFileType = sourcecode.cpp.cpp; name = ofxSynthEnvelope.cpp; path = ../../ofxSynthDev/src/ofxSynthEnvelope.cpp; sourceTree = SOURCE_ROOT; };
		5E175EBC133992BE00234482 /* ofxSynthEnvelope.h */ = {isa = PBXFileReference; fileEncoding = 4; lastKnownFileType = sourcecode.c.h; name = ofxSynthEnvelope.h; path = ../../ofxSynthDev/src/ofxSynthEnvelope.h; sourceTree = SOURCE_ROOT; };
		5E175EBD133992BE00234482 /* ofxSynthFilter.cpp */ = {isa = PBXFileReference; fileEncoding = 4; lastKnownFileType = sourcecode.cpp.cpp; name = ofxSynthFilter.cpp; path = ../../ofxSynthDev/src/ofxSynthFilter.cpp; sourceTree = SOURCE_ROOT; };
		5E175EBE133992BE00234482 /* ofxSynthFilter.h */ = {isa = PBXFileReference; fileEncoding = 4; lastKnownFileType = sourcecode.c.h; name = ofxSynthFilter.h; path = ../../ofxSynthDev/src/ofxSynthFilter.h; sourceTree = SOURCE_ROOT; };
		5E175EBF133992BE00234482 /* ofxSynthSampler.cpp */ = {isa = PBXFileReference; fileEncoding = 4; lastKnownFileType = sourcecode.cpp.cpp; name = ofxSynthSampler.cpp; path = ../../ofxSynthDev/src/ofxSynthSampler.cpp; sourceTree = SOURCE_ROOT; };
		5E175EC0133992BE00234482 /* ofxSynthSampler.h */ = {isa = PBXFileReference; fileEncoding = 4; lastKnownFileType = sourcecode.c.h; name = ofxSynthSampler.h; path = ../../ofxSynthDev/src/ofxSynthSampler.h; sourceTree = SOURCE_ROOT; };
		5E175EC1133992BE00234482 /* ofxSynthWaveWriter.cpp */ = {isa = PBXFileReference; fileEncoding = 4; lastKnownFileType = sourcecode.cpp.cpp; name = ofxSynthWaveWriter.cpp; path = ../../ofxSynthDev/src/ofxSynthWaveWriter.cpp; sourceTree = SOURCE_ROOT; };
		5E175EC2133992BE00234482 /* ofxSynthWaveWriter.h */ = {isa = PBXFileReference; fileEncoding = 4; lastKnownFileType = sourcecode.c.h; name = ofxSynthWaveWriter.h; path = ../../ofxSynthDev/src/ofxSynthWaveWriter.h; sourceTree = SOURCE_ROOT; };
		5E25687110ED26CC00A9501C /* PocoFoundation.a */ = {isa = PBXFileReference; lastKnownFileType = archive.ar; name = PocoFoundation.a; path = ../../../libs/poco/lib/iphone/PocoFoundation.a; sourceTree = SOURCE_ROOT; };
		5E25687210ED26CC00A9501C /* PocoNet.a */ = {isa = PBXFileReference; lastKnownFileType = archive.ar; name = PocoNet.a; path = ../../../libs/poco/lib/iphone/PocoNet.a; sourceTree = SOURCE_ROOT; };
		5E25687310ED26CC00A9501C /* PocoUtil.a */ = {isa = PBXFileReference; lastKnownFileType = archive.ar; name = PocoUtil.a; path = ../../../libs/poco/lib/iphone/PocoUtil.a; sourceTree = SOURCE_ROOT; };
		5E25687410ED26CC00A9501C /* PocoXML.a */ = {isa = PBXFileReference; lastKnownFileType = archive.ar; name = PocoXML.a; path = ../../../libs/poco/lib/iphone/PocoXML.a; sourceTree = SOURCE_ROOT; };
		5E25688110ED26CC00A9501C /* PocoFoundation.a */ = {isa = PBXFileReference; lastKnownFileType = archive.ar; name = PocoFoundation.a; path = ../../../libs/poco/lib/osx/PocoFoundation.a; sourceTree = SOURCE_ROOT; };
		5E25688210ED26CC00A9501C /* PocoNet.a */ = {isa = PBXFileReference; lastKnownFileType = archive.ar; name = PocoNet.a; path = ../../../libs/poco/lib/osx/PocoNet.a; sourceTree = SOURCE_ROOT; };
		5E25688310ED26CC00A9501C /* PocoUtil.a */ = {isa = PBXFileReference; lastKnownFileType = archive.ar; name = PocoUtil.a; path = ../../../libs/poco/lib/osx/PocoUtil.a; sourceTree = SOURCE_ROOT; };
		5E25688410ED26CC00A9501C /* PocoXML.a */ = {isa = PBXFileReference; lastKnownFileType = archive.ar; name = PocoXML.a; path = ../../../libs/poco/lib/osx/PocoXML.a; sourceTree = SOURCE_ROOT; };
		5E739A24133D0C6B0087E195 /* spriteExample.lua */ = {isa = PBXFileReference; fileEncoding = 4; lastKnownFileType = sourcecode.lua; name = spriteExample.lua; path = bin/data/spriteExample.lua; sourceTree = SOURCE_ROOT; };
		5E739A26133D0C8B0087E195 /* spriteSheetExample.png */ = {isa = PBXFileReference; lastKnownFileType = image.png; name = spriteSheetExample.png; path = bin/data/spriteSheetExample.png; sourceTree = SOURCE_ROOT; };
		5E739A28133D0D820087E195 /* bludSpriteSheet.h */ = {isa = PBXFileReference; fileEncoding = 4; lastKnownFileType = sourcecode.c.h; name = bludSpriteSheet.h; path = ../src/bludSpriteSheet.h; sourceTree = SOURCE_ROOT; };
		5EBBC37C133AD60200B0CE3D /* bludEntity.h */ = {isa = PBXFileReference; fileEncoding = 4; lastKnownFileType = sourcecode.c.h; name = bludEntity.h; path = openFrameworks/addons/ofxBlud/src/bludEntity.h; sourceTree = DEVELOPER_DIR; };
		5EBBC3EF133AD8A800B0CE3D /* CollageTexture.cpp */ = {isa = PBXFileReference; fileEncoding = 4; lastKnownFileType = sourcecode.cpp.cpp; name = CollageTexture.cpp; path = ../../ofxSpriteSheetRenderer/src/CollageTexture.cpp; sourceTree = SOURCE_ROOT; };
		5EBBC3F0133AD8A800B0CE3D /* CollageTexture.h */ = {isa = PBXFileReference; fileEncoding = 4; lastKnownFileType = sourcecode.c.h; name = CollageTexture.h; path = ../../ofxSpriteSheetRenderer/src/CollageTexture.h; sourceTree = SOURCE_ROOT; };
		5EBBC3F1133AD8A800B0CE3D /* LinearTexture.cpp */ = {isa = PBXFileReference; fileEncoding = 4; lastKnownFileType = sourcecode.cpp.cpp; name = LinearTexture.cpp; path = ../../ofxSpriteSheetRenderer/src/LinearTexture.cpp; sourceTree = SOURCE_ROOT; };
		5EBBC3F2133AD8A800B0CE3D /* LinearTexture.h */ = {isa = PBXFileReference; fileEncoding = 4; lastKnownFileType = sourcecode.c.h; name = LinearTexture.h; path = ../../ofxSpriteSheetRenderer/src/LinearTexture.h; sourceTree = SOURCE_ROOT; };
		5EBBC3F3133AD8A800B0CE3D /* ofxSpriteSheetRenderer.cpp */ = {isa = PBXFileReference; fileEncoding = 4; lastKnownFileType = sourcecode.cpp.cpp; name = ofxSpriteSheetRenderer.cpp; path = ../../ofxSpriteSheetRenderer/src/ofxSpriteSheetRenderer.cpp; sourceTree = SOURCE_ROOT; };
		5EBBC3F4133AD8A800B0CE3D /* ofxSpriteSheetRenderer.h */ = {isa = PBXFileReference; fileEncoding = 4; lastKnownFileType = sourcecode.c.h; name = ofxSpriteSheetRenderer.h; path = ../../ofxSpriteSheetRenderer/src/ofxSpriteSheetRenderer.h; sourceTree = SOURCE_ROOT; };
		5EBBC3F5133AD8A800B0CE3D /* PixelTexture.cpp */ = {isa = PBXFileReference; fileEncoding = 4; lastKnownFileType = sourcecode.cpp.cpp; name = PixelTexture.cpp; path = ../../ofxSpriteSheetRenderer/src/PixelTexture.cpp; sourceTree = SOURCE_ROOT; };
		5EBBC3F6133AD8A800B0CE3D /* PixelTexture.h */ = {isa = PBXFileReference; fileEncoding = 4; lastKnownFileType = sourcecode.c.h; name = PixelTexture.h; path = ../../ofxSpriteSheetRenderer/src/PixelTexture.h; sourceTree = SOURCE_ROOT; };
		7105A39913257A090060EAAA /* bludAudioSync.h */ = {isa = PBXFileReference; fileEncoding = 4; lastKnownFileType = sourcecode.c.h; name = bludAudioSync.h; path = openFrameworks/addons/ofxBlud/src/bludAudioSync.h; sourceTree = DEVELOPER_DIR; };
		7105A39A13257A090060EAAA /* bludAudioSync.cpp */ = {isa = PBXFileReference; fileEncoding = 4; lastKnownFileType = sourcecode.cpp.cpp; name = bludAudioSync.cpp; path = openFrameworks/addons/ofxBlud/src/bludAudioSync.cpp; sourceTree = DEVELOPER_DIR; };
		71804E69131DDD5F009C406C /* lapi.c */ = {isa = PBXFileReference; fileEncoding = 4; lastKnownFileType = sourcecode.c.c; name = lapi.c; path = ../libs/lua/lapi.c; sourceTree = SOURCE_ROOT; };
		71804E6A131DDD5F009C406C /* lapi.h */ = {isa = PBXFileReference; fileEncoding = 4; lastKnownFileType = sourcecode.c.h; name = lapi.h; path = ../libs/lua/lapi.h; sourceTree = SOURCE_ROOT; };
		71804E6B131DDD5F009C406C /* lauxlib.c */ = {isa = PBXFileReference; fileEncoding = 4; lastKnownFileType = sourcecode.c.c; name = lauxlib.c; path = ../libs/lua/lauxlib.c; sourceTree = SOURCE_ROOT; };
		71804E6C131DDD5F009C406C /* lauxlib.h */ = {isa = PBXFileReference; fileEncoding = 4; lastKnownFileType = sourcecode.c.h; name = lauxlib.h; path = ../libs/lua/lauxlib.h; sourceTree = SOURCE_ROOT; };
		71804E6D131DDD5F009C406C /* lbaselib.c */ = {isa = PBXFileReference; fileEncoding = 4; lastKnownFileType = sourcecode.c.c; name = lbaselib.c; path = ../libs/lua/lbaselib.c; sourceTree = SOURCE_ROOT; };
		71804E6E131DDD5F009C406C /* lcode.c */ = {isa = PBXFileReference; fileEncoding = 4; lastKnownFileType = sourcecode.c.c; name = lcode.c; path = ../libs/lua/lcode.c; sourceTree = SOURCE_ROOT; };
		71804E6F131DDD5F009C406C /* lcode.h */ = {isa = PBXFileReference; fileEncoding = 4; lastKnownFileType = sourcecode.c.h; name = lcode.h; path = ../libs/lua/lcode.h; sourceTree = SOURCE_ROOT; };
		71804E70131DDD5F009C406C /* ldblib.c */ = {isa = PBXFileReference; fileEncoding = 4; lastKnownFileType = sourcecode.c.c; name = ldblib.c; path = ../libs/lua/ldblib.c; sourceTree = SOURCE_ROOT; };
		71804E71131DDD5F009C406C /* ldebug.c */ = {isa = PBXFileReference; fileEncoding = 4; lastKnownFileType = sourcecode.c.c; name = ldebug.c; path = ../libs/lua/ldebug.c; sourceTree = SOURCE_ROOT; };
		71804E72131DDD5F009C406C /* ldebug.h */ = {isa = PBXFileReference; fileEncoding = 4; lastKnownFileType = sourcecode.c.h; name = ldebug.h; path = ../libs/lua/ldebug.h; sourceTree = SOURCE_ROOT; };
		71804E73131DDD5F009C406C /* ldo.c */ = {isa = PBXFileReference; fileEncoding = 4; lastKnownFileType = sourcecode.c.c; name = ldo.c; path = ../libs/lua/ldo.c; sourceTree = SOURCE_ROOT; };
		71804E74131DDD5F009C406C /* ldo.h */ = {isa = PBXFileReference; fileEncoding = 4; lastKnownFileType = sourcecode.c.h; name = ldo.h; path = ../libs/lua/ldo.h; sourceTree = SOURCE_ROOT; };
		71804E75131DDD5F009C406C /* ldump.c */ = {isa = PBXFileReference; fileEncoding = 4; lastKnownFileType = sourcecode.c.c; name = ldump.c; path = ../libs/lua/ldump.c; sourceTree = SOURCE_ROOT; };
		71804E76131DDD5F009C406C /* lfunc.c */ = {isa = PBXFileReference; fileEncoding = 4; lastKnownFileType = sourcecode.c.c; name = lfunc.c; path = ../libs/lua/lfunc.c; sourceTree = SOURCE_ROOT; };
		71804E77131DDD5F009C406C /* lfunc.h */ = {isa = PBXFileReference; fileEncoding = 4; lastKnownFileType = sourcecode.c.h; name = lfunc.h; path = ../libs/lua/lfunc.h; sourceTree = SOURCE_ROOT; };
		71804E78131DDD5F009C406C /* lgc.c */ = {isa = PBXFileReference; fileEncoding = 4; lastKnownFileType = sourcecode.c.c; name = lgc.c; path = ../libs/lua/lgc.c; sourceTree = SOURCE_ROOT; };
		71804E79131DDD5F009C406C /* lgc.h */ = {isa = PBXFileReference; fileEncoding = 4; lastKnownFileType = sourcecode.c.h; name = lgc.h; path = ../libs/lua/lgc.h; sourceTree = SOURCE_ROOT; };
		71804E7A131DDD5F009C406C /* linit.c */ = {isa = PBXFileReference; fileEncoding = 4; lastKnownFileType = sourcecode.c.c; name = linit.c; path = ../libs/lua/linit.c; sourceTree = SOURCE_ROOT; };
		71804E7B131DDD5F009C406C /* liolib.c */ = {isa = PBXFileReference; fileEncoding = 4; lastKnownFileType = sourcecode.c.c; name = liolib.c; path = ../libs/lua/liolib.c; sourceTree = SOURCE_ROOT; };
		71804E7C131DDD5F009C406C /* llex.c */ = {isa = PBXFileReference; fileEncoding = 4; lastKnownFileType = sourcecode.c.c; name = llex.c; path = ../libs/lua/llex.c; sourceTree = SOURCE_ROOT; };
		71804E7D131DDD5F009C406C /* llex.h */ = {isa = PBXFileReference; fileEncoding = 4; lastKnownFileType = sourcecode.c.h; name = llex.h; path = ../libs/lua/llex.h; sourceTree = SOURCE_ROOT; };
		71804E7E131DDD5F009C406C /* llimits.h */ = {isa = PBXFileReference; fileEncoding = 4; lastKnownFileType = sourcecode.c.h; name = llimits.h; path = ../libs/lua/llimits.h; sourceTree = SOURCE_ROOT; };
		71804E7F131DDD5F009C406C /* lmathlib.c */ = {isa = PBXFileReference; fileEncoding = 4; lastKnownFileType = sourcecode.c.c; name = lmathlib.c; path = ../libs/lua/lmathlib.c; sourceTree = SOURCE_ROOT; };
		71804E80131DDD5F009C406C /* lmem.c */ = {isa = PBXFileReference; fileEncoding = 4; lastKnownFileType = sourcecode.c.c; name = lmem.c; path = ../libs/lua/lmem.c; sourceTree = SOURCE_ROOT; };
		71804E81131DDD5F009C406C /* lmem.h */ = {isa = PBXFileReference; fileEncoding = 4; lastKnownFileType = sourcecode.c.h; name = lmem.h; path = ../libs/lua/lmem.h; sourceTree = SOURCE_ROOT; };
		71804E82131DDD5F009C406C /* loadlib.c */ = {isa = PBXFileReference; fileEncoding = 4; lastKnownFileType = sourcecode.c.c; name = loadlib.c; path = ../libs/lua/loadlib.c; sourceTree = SOURCE_ROOT; };
		71804E83131DDD5F009C406C /* lobject.c */ = {isa = PBXFileReference; fileEncoding = 4; lastKnownFileType = sourcecode.c.c; name = lobject.c; path = ../libs/lua/lobject.c; sourceTree = SOURCE_ROOT; };
		71804E84131DDD5F009C406C /* lobject.h */ = {isa = PBXFileReference; fileEncoding = 4; lastKnownFileType = sourcecode.c.h; name = lobject.h; path = ../libs/lua/lobject.h; sourceTree = SOURCE_ROOT; };
		71804E85131DDD5F009C406C /* lopcodes.c */ = {isa = PBXFileReference; fileEncoding = 4; lastKnownFileType = sourcecode.c.c; name = lopcodes.c; path = ../libs/lua/lopcodes.c; sourceTree = SOURCE_ROOT; };
		71804E86131DDD5F009C406C /* lopcodes.h */ = {isa = PBXFileReference; fileEncoding = 4; lastKnownFileType = sourcecode.c.h; name = lopcodes.h; path = ../libs/lua/lopcodes.h; sourceTree = SOURCE_ROOT; };
		71804E87131DDD5F009C406C /* loslib.c */ = {isa = PBXFileReference; fileEncoding = 4; lastKnownFileType = sourcecode.c.c; name = loslib.c; path = ../libs/lua/loslib.c; sourceTree = SOURCE_ROOT; };
		71804E88131DDD5F009C406C /* lparser.c */ = {isa = PBXFileReference; fileEncoding = 4; lastKnownFileType = sourcecode.c.c; name = lparser.c; path = ../libs/lua/lparser.c; sourceTree = SOURCE_ROOT; };
		71804E89131DDD5F009C406C /* lparser.h */ = {isa = PBXFileReference; fileEncoding = 4; lastKnownFileType = sourcecode.c.h; name = lparser.h; path = ../libs/lua/lparser.h; sourceTree = SOURCE_ROOT; };
		71804E8A131DDD5F009C406C /* lstate.c */ = {isa = PBXFileReference; fileEncoding = 4; lastKnownFileType = sourcecode.c.c; name = lstate.c; path = ../libs/lua/lstate.c; sourceTree = SOURCE_ROOT; };
		71804E8B131DDD5F009C406C /* lstate.h */ = {isa = PBXFileReference; fileEncoding = 4; lastKnownFileType = sourcecode.c.h; name = lstate.h; path = ../libs/lua/lstate.h; sourceTree = SOURCE_ROOT; };
		71804E8C131DDD5F009C406C /* lstring.c */ = {isa = PBXFileReference; fileEncoding = 4; lastKnownFileType = sourcecode.c.c; name = lstring.c; path = ../libs/lua/lstring.c; sourceTree = SOURCE_ROOT; };
		71804E8D131DDD5F009C406C /* lstring.h */ = {isa = PBXFileReference; fileEncoding = 4; lastKnownFileType = sourcecode.c.h; name = lstring.h; path = ../libs/lua/lstring.h; sourceTree = SOURCE_ROOT; };
		71804E8E131DDD5F009C406C /* lstrlib.c */ = {isa = PBXFileReference; fileEncoding = 4; lastKnownFileType = sourcecode.c.c; name = lstrlib.c; path = ../libs/lua/lstrlib.c; sourceTree = SOURCE_ROOT; };
		71804E8F131DDD5F009C406C /* ltable.c */ = {isa = PBXFileReference; fileEncoding = 4; lastKnownFileType = sourcecode.c.c; name = ltable.c; path = ../libs/lua/ltable.c; sourceTree = SOURCE_ROOT; };
		71804E90131DDD5F009C406C /* ltable.h */ = {isa = PBXFileReference; fileEncoding = 4; lastKnownFileType = sourcecode.c.h; name = ltable.h; path = ../libs/lua/ltable.h; sourceTree = SOURCE_ROOT; };
		71804E91131DDD5F009C406C /* ltablib.c */ = {isa = PBXFileReference; fileEncoding = 4; lastKnownFileType = sourcecode.c.c; name = ltablib.c; path = ../libs/lua/ltablib.c; sourceTree = SOURCE_ROOT; };
		71804E92131DDD5F009C406C /* ltm.c */ = {isa = PBXFileReference; fileEncoding = 4; lastKnownFileType = sourcecode.c.c; name = ltm.c; path = ../libs/lua/ltm.c; sourceTree = SOURCE_ROOT; };
		71804E93131DDD5F009C406C /* ltm.h */ = {isa = PBXFileReference; fileEncoding = 4; lastKnownFileType = sourcecode.c.h; name = ltm.h; path = ../libs/lua/ltm.h; sourceTree = SOURCE_ROOT; };
		71804E94131DDD5F009C406C /* lua.h */ = {isa = PBXFileReference; fileEncoding = 4; lastKnownFileType = sourcecode.c.h; name = lua.h; path = ../libs/lua/lua.h; sourceTree = SOURCE_ROOT; };
		71804E95131DDD5F009C406C /* luaconf.h */ = {isa = PBXFileReference; fileEncoding = 4; lastKnownFileType = sourcecode.c.h; name = luaconf.h; path = ../libs/lua/luaconf.h; sourceTree = SOURCE_ROOT; };
		71804E96131DDD5F009C406C /* lualib.h */ = {isa = PBXFileReference; fileEncoding = 4; lastKnownFileType = sourcecode.c.h; name = lualib.h; path = ../libs/lua/lualib.h; sourceTree = SOURCE_ROOT; };
		71804E97131DDD5F009C406C /* lundump.c */ = {isa = PBXFileReference; fileEncoding = 4; lastKnownFileType = sourcecode.c.c; name = lundump.c; path = ../libs/lua/lundump.c; sourceTree = SOURCE_ROOT; };
		71804E98131DDD5F009C406C /* lundump.h */ = {isa = PBXFileReference; fileEncoding = 4; lastKnownFileType = sourcecode.c.h; name = lundump.h; path = ../libs/lua/lundump.h; sourceTree = SOURCE_ROOT; };
		71804E99131DDD5F009C406C /* lvm.c */ = {isa = PBXFileReference; fileEncoding = 4; lastKnownFileType = sourcecode.c.c; name = lvm.c; path = ../libs/lua/lvm.c; sourceTree = SOURCE_ROOT; };
		71804E9A131DDD5F009C406C /* lvm.h */ = {isa = PBXFileReference; fileEncoding = 4; lastKnownFileType = sourcecode.c.h; name = lvm.h; path = ../libs/lua/lvm.h; sourceTree = SOURCE_ROOT; };
		71804E9B131DDD5F009C406C /* lzio.c */ = {isa = PBXFileReference; fileEncoding = 4; lastKnownFileType = sourcecode.c.c; name = lzio.c; path = ../libs/lua/lzio.c; sourceTree = SOURCE_ROOT; };
		71804E9C131DDD5F009C406C /* lzio.h */ = {isa = PBXFileReference; fileEncoding = 4; lastKnownFileType = sourcecode.c.h; name = lzio.h; path = ../libs/lua/lzio.h; sourceTree = SOURCE_ROOT; };
		71804E9D131DDD5F009C406C /* Makefile */ = {isa = PBXFileReference; fileEncoding = 4; lastKnownFileType = sourcecode.make; name = Makefile; path = ../libs/lua/Makefile; sourceTree = SOURCE_ROOT; };
		71804E9E131DDD5F009C406C /* print.c */ = {isa = PBXFileReference; fileEncoding = 4; lastKnownFileType = sourcecode.c.c; name = print.c; path = ../libs/lua/print.c; sourceTree = SOURCE_ROOT; };
		71804E9F131DDD5F009C406C /* lunar.h */ = {isa = PBXFileReference; fileEncoding = 4; lastKnownFileType = sourcecode.c.h; name = lunar.h; path = ../libs/lunar.h; sourceTree = SOURCE_ROOT; };
		71804EA2131DDD5F009C406C /* blud_boot.h */ = {isa = PBXFileReference; fileEncoding = 4; lastKnownFileType = sourcecode.c.h; name = blud_boot.h; path = ../src/blud_boot.h; sourceTree = SOURCE_ROOT; };
		71804EA3131DDD5F009C406C /* bludGraphics.h */ = {isa = PBXFileReference; fileEncoding = 4; lastKnownFileType = sourcecode.c.h; name = bludGraphics.h; path = ../src/bludGraphics.h; sourceTree = SOURCE_ROOT; };
		71804EA4131DDD5F009C406C /* bludImage.h */ = {isa = PBXFileReference; fileEncoding = 4; lastKnownFileType = sourcecode.c.h; name = bludImage.h; path = ../src/bludImage.h; sourceTree = SOURCE_ROOT; };
		71804EA5131DDD5F009C406C /* bludSynth.h */ = {isa = PBXFileReference; fileEncoding = 4; lastKnownFileType = sourcecode.c.h; name = bludSynth.h; path = ../src/bludSynth.h; sourceTree = SOURCE_ROOT; };
		71804EA6131DDD5F009C406C /* ofxBlud.cpp */ = {isa = PBXFileReference; fileEncoding = 4; lastKnownFileType = sourcecode.cpp.cpp; name = ofxBlud.cpp; path = ../src/ofxBlud.cpp; sourceTree = SOURCE_ROOT; };
		71804EA7131DDD5F009C406C /* ofxBlud.h */ = {isa = PBXFileReference; fileEncoding = 4; lastKnownFileType = sourcecode.c.h; name = ofxBlud.h; path = ../src/ofxBlud.h; sourceTree = SOURCE_ROOT; };
		71804F2A131DE120009C406C /* bludMixer.h */ = {isa = PBXFileReference; fileEncoding = 4; lastKnownFileType = sourcecode.c.h; name = bludMixer.h; path = openFrameworks/addons/ofxBlud/src/bludMixer.h; sourceTree = DEVELOPER_DIR; };
		71804F2B131DE12D009C406C /* bludMixer.cpp */ = {isa = PBXFileReference; fileEncoding = 4; lastKnownFileType = sourcecode.cpp.cpp; name = bludMixer.cpp; path = openFrameworks/addons/ofxBlud/src/bludMixer.cpp; sourceTree = DEVELOPER_DIR; };
		BB16EBD10F2B2A9500518274 /* OpenGLES.framework */ = {isa = PBXFileReference; lastKnownFileType = wrapper.framework; name = OpenGLES.framework; path = System/Library/Frameworks/OpenGLES.framework; sourceTree = SDKROOT; };
		BB16EBD80F2B2AB500518274 /* QuartzCore.framework */ = {isa = PBXFileReference; lastKnownFileType = wrapper.framework; name = QuartzCore.framework; path = System/Library/Frameworks/QuartzCore.framework; sourceTree = SDKROOT; };
		BB24DD8C10DA77E000E9C588 /* Default.png */ = {isa = PBXFileReference; lastKnownFileType = image.png; path = Default.png; sourceTree = "<group>"; };
		BB24DD8D10DA77E000E9C588 /* Icon.png */ = {isa = PBXFileReference; lastKnownFileType = image.png; path = Icon.png; sourceTree = "<group>"; };
		BB24DDC910DA781C00E9C588 /* ofxiphone-Info.plist */ = {isa = PBXFileReference; fileEncoding = 4; lastKnownFileType = text.plist.xml; path = "ofxiphone-Info.plist"; sourceTree = "<group>"; };
		BB24DDCF10DA784F00E9C588 /* FreeImage.h */ = {isa = PBXFileReference; fileEncoding = 4; lastKnownFileType = sourcecode.c.h; path = FreeImage.h; sourceTree = "<group>"; };
		BB24DDE210DA785000E9C588 /* ftconfig.h */ = {isa = PBXFileReference; fileEncoding = 4; lastKnownFileType = sourcecode.c.h; path = ftconfig.h; sourceTree = "<group>"; };
		BB24DDE310DA785000E9C588 /* ftheader.h */ = {isa = PBXFileReference; fileEncoding = 4; lastKnownFileType = sourcecode.c.h; path = ftheader.h; sourceTree = "<group>"; };
		BB24DDE410DA785000E9C588 /* ftmodule.h */ = {isa = PBXFileReference; fileEncoding = 4; lastKnownFileType = sourcecode.c.h; path = ftmodule.h; sourceTree = "<group>"; };
		BB24DDE510DA785000E9C588 /* ftoption.h */ = {isa = PBXFileReference; fileEncoding = 4; lastKnownFileType = sourcecode.c.h; path = ftoption.h; sourceTree = "<group>"; };
		BB24DDE610DA785000E9C588 /* ftstdlib.h */ = {isa = PBXFileReference; fileEncoding = 4; lastKnownFileType = sourcecode.c.h; path = ftstdlib.h; sourceTree = "<group>"; };
		BB24DDE710DA785000E9C588 /* freetype.h */ = {isa = PBXFileReference; fileEncoding = 4; lastKnownFileType = sourcecode.c.h; path = freetype.h; sourceTree = "<group>"; };
		BB24DDE810DA785000E9C588 /* ftbbox.h */ = {isa = PBXFileReference; fileEncoding = 4; lastKnownFileType = sourcecode.c.h; path = ftbbox.h; sourceTree = "<group>"; };
		BB24DDE910DA785000E9C588 /* ftbdf.h */ = {isa = PBXFileReference; fileEncoding = 4; lastKnownFileType = sourcecode.c.h; path = ftbdf.h; sourceTree = "<group>"; };
		BB24DDEA10DA785000E9C588 /* ftbitmap.h */ = {isa = PBXFileReference; fileEncoding = 4; lastKnownFileType = sourcecode.c.h; path = ftbitmap.h; sourceTree = "<group>"; };
		BB24DDEB10DA785000E9C588 /* ftcache.h */ = {isa = PBXFileReference; fileEncoding = 4; lastKnownFileType = sourcecode.c.h; path = ftcache.h; sourceTree = "<group>"; };
		BB24DDEC10DA785000E9C588 /* ftchapters.h */ = {isa = PBXFileReference; fileEncoding = 4; lastKnownFileType = sourcecode.c.h; path = ftchapters.h; sourceTree = "<group>"; };
		BB24DDED10DA785000E9C588 /* fterrdef.h */ = {isa = PBXFileReference; fileEncoding = 4; lastKnownFileType = sourcecode.c.h; path = fterrdef.h; sourceTree = "<group>"; };
		BB24DDEE10DA785000E9C588 /* fterrors.h */ = {isa = PBXFileReference; fileEncoding = 4; lastKnownFileType = sourcecode.c.h; path = fterrors.h; sourceTree = "<group>"; };
		BB24DDEF10DA785000E9C588 /* ftgasp.h */ = {isa = PBXFileReference; fileEncoding = 4; lastKnownFileType = sourcecode.c.h; path = ftgasp.h; sourceTree = "<group>"; };
		BB24DDF010DA785000E9C588 /* ftglyph.h */ = {isa = PBXFileReference; fileEncoding = 4; lastKnownFileType = sourcecode.c.h; path = ftglyph.h; sourceTree = "<group>"; };
		BB24DDF110DA785000E9C588 /* ftgxval.h */ = {isa = PBXFileReference; fileEncoding = 4; lastKnownFileType = sourcecode.c.h; path = ftgxval.h; sourceTree = "<group>"; };
		BB24DDF210DA785000E9C588 /* ftgzip.h */ = {isa = PBXFileReference; fileEncoding = 4; lastKnownFileType = sourcecode.c.h; path = ftgzip.h; sourceTree = "<group>"; };
		BB24DDF310DA785000E9C588 /* ftimage.h */ = {isa = PBXFileReference; fileEncoding = 4; lastKnownFileType = sourcecode.c.h; path = ftimage.h; sourceTree = "<group>"; };
		BB24DDF410DA785000E9C588 /* ftincrem.h */ = {isa = PBXFileReference; fileEncoding = 4; lastKnownFileType = sourcecode.c.h; path = ftincrem.h; sourceTree = "<group>"; };
		BB24DDF510DA785000E9C588 /* ftlcdfil.h */ = {isa = PBXFileReference; fileEncoding = 4; lastKnownFileType = sourcecode.c.h; path = ftlcdfil.h; sourceTree = "<group>"; };
		BB24DDF610DA785000E9C588 /* ftlist.h */ = {isa = PBXFileReference; fileEncoding = 4; lastKnownFileType = sourcecode.c.h; path = ftlist.h; sourceTree = "<group>"; };
		BB24DDF710DA785000E9C588 /* ftlzw.h */ = {isa = PBXFileReference; fileEncoding = 4; lastKnownFileType = sourcecode.c.h; path = ftlzw.h; sourceTree = "<group>"; };
		BB24DDF810DA785000E9C588 /* ftmac.h */ = {isa = PBXFileReference; fileEncoding = 4; lastKnownFileType = sourcecode.c.h; path = ftmac.h; sourceTree = "<group>"; };
		BB24DDF910DA785000E9C588 /* ftmm.h */ = {isa = PBXFileReference; fileEncoding = 4; lastKnownFileType = sourcecode.c.h; path = ftmm.h; sourceTree = "<group>"; };
		BB24DDFA10DA785000E9C588 /* ftmodapi.h */ = {isa = PBXFileReference; fileEncoding = 4; lastKnownFileType = sourcecode.c.h; path = ftmodapi.h; sourceTree = "<group>"; };
		BB24DDFB10DA785000E9C588 /* ftmoderr.h */ = {isa = PBXFileReference; fileEncoding = 4; lastKnownFileType = sourcecode.c.h; path = ftmoderr.h; sourceTree = "<group>"; };
		BB24DDFC10DA785000E9C588 /* ftotval.h */ = {isa = PBXFileReference; fileEncoding = 4; lastKnownFileType = sourcecode.c.h; path = ftotval.h; sourceTree = "<group>"; };
		BB24DDFD10DA785000E9C588 /* ftoutln.h */ = {isa = PBXFileReference; fileEncoding = 4; lastKnownFileType = sourcecode.c.h; path = ftoutln.h; sourceTree = "<group>"; };
		BB24DDFE10DA785000E9C588 /* ftpfr.h */ = {isa = PBXFileReference; fileEncoding = 4; lastKnownFileType = sourcecode.c.h; path = ftpfr.h; sourceTree = "<group>"; };
		BB24DDFF10DA785000E9C588 /* ftrender.h */ = {isa = PBXFileReference; fileEncoding = 4; lastKnownFileType = sourcecode.c.h; path = ftrender.h; sourceTree = "<group>"; };
		BB24DE0010DA785000E9C588 /* ftsizes.h */ = {isa = PBXFileReference; fileEncoding = 4; lastKnownFileType = sourcecode.c.h; path = ftsizes.h; sourceTree = "<group>"; };
		BB24DE0110DA785000E9C588 /* ftsnames.h */ = {isa = PBXFileReference; fileEncoding = 4; lastKnownFileType = sourcecode.c.h; path = ftsnames.h; sourceTree = "<group>"; };
		BB24DE0210DA785000E9C588 /* ftstroke.h */ = {isa = PBXFileReference; fileEncoding = 4; lastKnownFileType = sourcecode.c.h; path = ftstroke.h; sourceTree = "<group>"; };
		BB24DE0310DA785000E9C588 /* ftsynth.h */ = {isa = PBXFileReference; fileEncoding = 4; lastKnownFileType = sourcecode.c.h; path = ftsynth.h; sourceTree = "<group>"; };
		BB24DE0410DA785000E9C588 /* ftsystem.h */ = {isa = PBXFileReference; fileEncoding = 4; lastKnownFileType = sourcecode.c.h; path = ftsystem.h; sourceTree = "<group>"; };
		BB24DE0510DA785000E9C588 /* fttrigon.h */ = {isa = PBXFileReference; fileEncoding = 4; lastKnownFileType = sourcecode.c.h; path = fttrigon.h; sourceTree = "<group>"; };
		BB24DE0610DA785000E9C588 /* fttypes.h */ = {isa = PBXFileReference; fileEncoding = 4; lastKnownFileType = sourcecode.c.h; path = fttypes.h; sourceTree = "<group>"; };
		BB24DE0710DA785000E9C588 /* ftwinfnt.h */ = {isa = PBXFileReference; fileEncoding = 4; lastKnownFileType = sourcecode.c.h; path = ftwinfnt.h; sourceTree = "<group>"; };
		BB24DE0810DA785000E9C588 /* ftxf86.h */ = {isa = PBXFileReference; fileEncoding = 4; lastKnownFileType = sourcecode.c.h; path = ftxf86.h; sourceTree = "<group>"; };
		BB24DE0910DA785000E9C588 /* t1tables.h */ = {isa = PBXFileReference; fileEncoding = 4; lastKnownFileType = sourcecode.c.h; path = t1tables.h; sourceTree = "<group>"; };
		BB24DE0A10DA785000E9C588 /* ttnameid.h */ = {isa = PBXFileReference; fileEncoding = 4; lastKnownFileType = sourcecode.c.h; path = ttnameid.h; sourceTree = "<group>"; };
		BB24DE0B10DA785000E9C588 /* tttables.h */ = {isa = PBXFileReference; fileEncoding = 4; lastKnownFileType = sourcecode.c.h; path = tttables.h; sourceTree = "<group>"; };
		BB24DE0C10DA785000E9C588 /* tttags.h */ = {isa = PBXFileReference; fileEncoding = 4; lastKnownFileType = sourcecode.c.h; path = tttags.h; sourceTree = "<group>"; };
		BB24DE0D10DA785000E9C588 /* ttunpat.h */ = {isa = PBXFileReference; fileEncoding = 4; lastKnownFileType = sourcecode.c.h; path = ttunpat.h; sourceTree = "<group>"; };
		BB24DE0E10DA785000E9C588 /* ft2build.h */ = {isa = PBXFileReference; fileEncoding = 4; lastKnownFileType = sourcecode.c.h; path = ft2build.h; sourceTree = "<group>"; };
		BBE5EAB70F49AD8400F28951 /* AudioToolbox.framework */ = {isa = PBXFileReference; lastKnownFileType = wrapper.framework; name = AudioToolbox.framework; path = System/Library/Frameworks/AudioToolbox.framework; sourceTree = SDKROOT; };
		DA7851271105C039007EFC90 /* glu.h */ = {isa = PBXFileReference; fileEncoding = 4; lastKnownFileType = sourcecode.c.h; path = glu.h; sourceTree = "<group>"; };
		DA7851281105C039007EFC90 /* gluos.h */ = {isa = PBXFileReference; fileEncoding = 4; lastKnownFileType = sourcecode.c.h; path = gluos.h; sourceTree = "<group>"; };
		E434BF6412477ED500452519 /* freeimage-iphone.a */ = {isa = PBXFileReference; lastKnownFileType = archive.ar; name = "freeimage-iphone.a"; path = "../../../libs/FreeImage/lib/iphone/freeimage-iphone.a"; sourceTree = SOURCE_ROOT; };
		E434BF6712477EDE00452519 /* freeimage.a */ = {isa = PBXFileReference; lastKnownFileType = archive.ar; name = freeimage.a; path = ../../../libs/FreeImage/lib/osx/freeimage.a; sourceTree = SOURCE_ROOT; };
		E434BF7212477FBA00452519 /* freetype-iphone.a */ = {isa = PBXFileReference; lastKnownFileType = archive.ar; name = "freetype-iphone.a"; path = "../../../libs/freetype/lib/iphone/freetype-iphone.a"; sourceTree = SOURCE_ROOT; };
		E496D5AF1252C8210098A2B3 /* glu-iphone.a */ = {isa = PBXFileReference; lastKnownFileType = archive.ar; name = "glu-iphone.a"; path = "../../../libs/glu/lib/iphone/glu-iphone.a"; sourceTree = SOURCE_ROOT; };
		E496D5B01252C8210098A2B3 /* glu.a */ = {isa = PBXFileReference; lastKnownFileType = archive.ar; name = glu.a; path = ../../../libs/glu/lib/iphone/glu.a; sourceTree = SOURCE_ROOT; };
		E49BCC4812554B69009F19D0 /* iPhone+OF Lib.xcodeproj */ = {isa = PBXFileReference; lastKnownFileType = "wrapper.pb-project"; name = "iPhone+OF Lib.xcodeproj"; path = "../../../libs/openFrameworksCompiled/project/iphone/iPhone+OF Lib.xcodeproj"; sourceTree = SOURCE_ROOT; };
		E4A8229E12560AFE002F86A2 /* freetype.a */ = {isa = PBXFileReference; lastKnownFileType = archive.ar; name = freetype.a; path = ../../../libs/freetype/lib/osx/freetype.a; sourceTree = SOURCE_ROOT; };
		E4A823A312561BE3002F86A2 /* CoreGraphics.framework */ = {isa = PBXFileReference; lastKnownFileType = wrapper.framework; name = CoreGraphics.framework; path = System/Library/Frameworks/CoreGraphics.framework; sourceTree = SDKROOT; };
		E4D8936B11527B74007E1F53 /* main.mm */ = {isa = PBXFileReference; fileEncoding = 4; lastKnownFileType = sourcecode.cpp.objcpp; name = main.mm; path = src/main.mm; sourceTree = SOURCE_ROOT; };
		E4D8936C11527B74007E1F53 /* testApp.h */ = {isa = PBXFileReference; fileEncoding = 4; lastKnownFileType = sourcecode.c.h; name = testApp.h; path = src/testApp.h; sourceTree = SOURCE_ROOT; };
		E4D8936D11527B74007E1F53 /* testApp.mm */ = {isa = PBXFileReference; fileEncoding = 4; lastKnownFileType = sourcecode.cpp.objcpp; name = testApp.mm; path = src/testApp.mm; sourceTree = SOURCE_ROOT; };
/* End PBXFileReference section */

/* Begin PBXFrameworksBuildPhase section */
		1D60588F0D05DD3D006BFB54 /* Frameworks */ = {
			isa = PBXFrameworksBuildPhase;
			buildActionMask = 2147483647;
			files = (
				E49BCC7A12554CD6009F19D0 /* libofxiPhone_macosx_Release.a in Frameworks */,
				1D60589F0D05DD5A006BFB54 /* Foundation.framework in Frameworks */,
				1DF5F4E00D08C38300B7A737 /* UIKit.framework in Frameworks */,
				288765FD0DF74451002DB57D /* CoreGraphics.framework in Frameworks */,
				BB16EBD20F2B2A9500518274 /* OpenGLES.framework in Frameworks */,
				BB16EBD90F2B2AB500518274 /* QuartzCore.framework in Frameworks */,
				BBE5EAB80F49AD8400F28951 /* AudioToolbox.framework in Frameworks */,
				53F323EB10A20EDB00E0DAE4 /* OpenAL.framework in Frameworks */,
				5326AEA810A23A0500278DE6 /* CoreLocation.framework in Frameworks */,
				5E25689810ED26CC00A9501C /* PocoFoundation.a in Frameworks */,
				5E25689910ED26CC00A9501C /* PocoNet.a in Frameworks */,
				5E25689A10ED26CC00A9501C /* PocoUtil.a in Frameworks */,
				5E25689B10ED26CC00A9501C /* PocoXML.a in Frameworks */,
				5E2568A510ED26CD00A9501C /* PocoFoundation.a in Frameworks */,
				5E2568A610ED26CD00A9501C /* PocoNet.a in Frameworks */,
				5E2568A710ED26CD00A9501C /* PocoUtil.a in Frameworks */,
				5E2568A810ED26CD00A9501C /* PocoXML.a in Frameworks */,
				E434BF6512477ED500452519 /* freeimage-iphone.a in Frameworks */,
				E434BF6812477EDE00452519 /* freeimage.a in Frameworks */,
				E434BF7312477FBA00452519 /* freetype-iphone.a in Frameworks */,
				E496D5B11252C8210098A2B3 /* glu-iphone.a in Frameworks */,
				E496D5B21252C8210098A2B3 /* glu.a in Frameworks */,
				E4A8229F12560AFE002F86A2 /* freetype.a in Frameworks */,
				E4A823A412561BE3002F86A2 /* CoreGraphics.framework in Frameworks */,
			);
			runOnlyForDeploymentPostprocessing = 0;
		};
/* End PBXFrameworksBuildPhase section */

/* Begin PBXGroup section */
		19C28FACFE9D520D11CA2CBB /* Products */ = {
			isa = PBXGroup;
			children = (
				1D6058910D05DD3D006BFB54 /* emptyExample.app */,
			);
			name = Products;
			sourceTree = "<group>";
		};
		29B97314FDCFA39411CA2CEA /* CustomTemplate */ = {
			isa = PBXGroup;
			children = (
				BB24DDC910DA781C00E9C588 /* ofxiphone-Info.plist */,
				E4D8936A11527B74007E1F53 /* src */,
				BB24DD8B10DA77E000E9C588 /* data */,
				BB24E1F710DAA51900E9C588 /* openFrameworks */,
				BB16F26B0F2B646B00518274 /* addons */,
				BB16E9930F2B1E5900518274 /* libs */,
				19C28FACFE9D520D11CA2CBB /* Products */,
			);
			name = CustomTemplate;
			sourceTree = "<group>";
		};
		29B97315FDCFA39411CA2CEA /* Other Sources */ = {
			isa = PBXGroup;
			children = (
				32CA4F630368D1EE00C91783 /* iPhone_Prefix.pch */,
			);
			name = "Other Sources";
			sourceTree = "<group>";
		};
		29B97323FDCFA39411CA2CEA /* core frameworks */ = {
			isa = PBXGroup;
			children = (
				53F323EA10A20EDB00E0DAE4 /* OpenAL.framework */,
				E4A823A312561BE3002F86A2 /* CoreGraphics.framework */,
				BBE5EAB70F49AD8400F28951 /* AudioToolbox.framework */,
				BB16EBD80F2B2AB500518274 /* QuartzCore.framework */,
				BB16EBD10F2B2A9500518274 /* OpenGLES.framework */,
				1DF5F4DF0D08C38300B7A737 /* UIKit.framework */,
				1D30AB110D05D00D00671497 /* Foundation.framework */,
				288765FC0DF74451002DB57D /* CoreGraphics.framework */,
				5326AEA710A23A0500278DE6 /* CoreLocation.framework */,
			);
			name = "core frameworks";
			sourceTree = "<group>";
		};
		5E175E221339924A00234482 /* ofxDspChain */ = {
			isa = PBXGroup;
			children = (
				5E175E231339924A00234482 /* .git */,
				5E175E531339924A00234482 /* ofSoundEffect.cpp */,
				5E175E541339924A00234482 /* ofSoundEffect.h */,
				5E175E551339924A00234482 /* ofSoundUnit.cpp */,
				5E175E561339924A00234482 /* ofSoundUnit.h */,
			);
			name = ofxDspChain;
			path = ../../ofxDspChain;
			sourceTree = SOURCE_ROOT;
		};
		5E175E231339924A00234482 /* .git */ = {
			isa = PBXGroup;
			children = (
				5E175E241339924A00234482 /* config */,
				5E175E251339924A00234482 /* description */,
				5E175E261339924A00234482 /* FETCH_HEAD */,
				5E175E271339924A00234482 /* HEAD */,
				5E175E281339924A00234482 /* hooks */,
				5E175E331339924A00234482 /* index */,
				5E175E341339924A00234482 /* info */,
				5E175E361339924A00234482 /* logs */,
				5E175E3E1339924A00234482 /* objects */,
				5E175E4A1339924A00234482 /* ORIG_HEAD */,
				5E175E4B1339924A00234482 /* packed-refs */,
				5E175E4C1339924A00234482 /* refs */,
			);
			name = .git;
			path = ../../ofxDspChain/.git;
			sourceTree = SOURCE_ROOT;
		};
		5E175E281339924A00234482 /* hooks */ = {
			isa = PBXGroup;
			children = (
				5E175E291339924A00234482 /* applypatch-msg.sample */,
				5E175E2A1339924A00234482 /* commit-msg.sample */,
				5E175E2B1339924A00234482 /* post-commit.sample */,
				5E175E2C1339924A00234482 /* post-receive.sample */,
				5E175E2D1339924A00234482 /* post-update.sample */,
				5E175E2E1339924A00234482 /* pre-applypatch.sample */,
				5E175E2F1339924A00234482 /* pre-commit.sample */,
				5E175E301339924A00234482 /* pre-rebase.sample */,
				5E175E311339924A00234482 /* prepare-commit-msg.sample */,
				5E175E321339924A00234482 /* update.sample */,
			);
			name = hooks;
			path = ../../ofxDspChain/.git/hooks;
			sourceTree = SOURCE_ROOT;
		};
		5E175E341339924A00234482 /* info */ = {
			isa = PBXGroup;
			children = (
				5E175E351339924A00234482 /* exclude */,
			);
			name = info;
			path = ../../ofxDspChain/.git/info;
			sourceTree = SOURCE_ROOT;
		};
		5E175E361339924A00234482 /* logs */ = {
			isa = PBXGroup;
			children = (
				5E175E371339924A00234482 /* HEAD */,
				5E175E381339924A00234482 /* refs */,
			);
			name = logs;
			path = ../../ofxDspChain/.git/logs;
			sourceTree = SOURCE_ROOT;
		};
		5E175E381339924A00234482 /* refs */ = {
			isa = PBXGroup;
			children = (
				5E175E391339924A00234482 /* heads */,
				5E175E3B1339924A00234482 /* remotes */,
			);
			name = refs;
			path = ../../ofxDspChain/.git/logs/refs;
			sourceTree = SOURCE_ROOT;
		};
		5E175E391339924A00234482 /* heads */ = {
			isa = PBXGroup;
			children = (
				5E175E3A1339924A00234482 /* master */,
			);
			name = heads;
			path = ../../ofxDspChain/.git/logs/refs/heads;
			sourceTree = SOURCE_ROOT;
		};
		5E175E3B1339924A00234482 /* remotes */ = {
			isa = PBXGroup;
			children = (
				5E175E3C1339924A00234482 /* origin */,
			);
			name = remotes;
			path = ../../ofxDspChain/.git/logs/refs/remotes;
			sourceTree = SOURCE_ROOT;
		};
		5E175E3C1339924A00234482 /* origin */ = {
			isa = PBXGroup;
			children = (
				5E175E3D1339924A00234482 /* HEAD */,
			);
			name = origin;
			path = ../../ofxDspChain/.git/logs/refs/remotes/origin;
			sourceTree = SOURCE_ROOT;
		};
		5E175E3E1339924A00234482 /* objects */ = {
			isa = PBXGroup;
			children = (
				5E175E3F1339924A00234482 /* 16 */,
				5E175E411339924A00234482 /* 1e */,
				5E175E441339924A00234482 /* 59 */,
				5E175E461339924A00234482 /* info */,
				5E175E471339924A00234482 /* pack */,
			);
			name = objects;
			path = ../../ofxDspChain/.git/objects;
			sourceTree = SOURCE_ROOT;
		};
		5E175E3F1339924A00234482 /* 16 */ = {
			isa = PBXGroup;
			children = (
				5E175E401339924A00234482 /* dbcaeb49053111524e0abab95f390c70301b27 */,
			);
			name = 16;
			path = ../../ofxDspChain/.git/objects/16;
			sourceTree = SOURCE_ROOT;
		};
		5E175E411339924A00234482 /* 1e */ = {
			isa = PBXGroup;
			children = (
				5E175E421339924A00234482 /* 2aa4eb44d82a5ecf44dcd9e5cc0a474a47c2de */,
				5E175E431339924A00234482 /* b628ad170818d093b50ff7fa6dc8f0d8d0685d */,
			);
			name = 1e;
			path = ../../ofxDspChain/.git/objects/1e;
			sourceTree = SOURCE_ROOT;
		};
		5E175E441339924A00234482 /* 59 */ = {
			isa = PBXGroup;
			children = (
				5E175E451339924A00234482 /* fb2477d6a53c89d5479ebfed27f75b315f2986 */,
			);
			name = 59;
			path = ../../ofxDspChain/.git/objects/59;
			sourceTree = SOURCE_ROOT;
		};
		5E175E461339924A00234482 /* info */ = {
			isa = PBXGroup;
			children = (
			);
			name = info;
			path = ../../ofxDspChain/.git/objects/info;
			sourceTree = SOURCE_ROOT;
		};
		5E175E471339924A00234482 /* pack */ = {
			isa = PBXGroup;
			children = (
				5E175E481339924A00234482 /* pack-e015f9013c623c7f1c2e9293a748c04164d16f4a.idx */,
				5E175E491339924A00234482 /* pack-e015f9013c623c7f1c2e9293a748c04164d16f4a.pack */,
			);
			name = pack;
			path = ../../ofxDspChain/.git/objects/pack;
			sourceTree = SOURCE_ROOT;
		};
		5E175E4C1339924A00234482 /* refs */ = {
			isa = PBXGroup;
			children = (
				5E175E4D1339924A00234482 /* heads */,
				5E175E4F1339924A00234482 /* remotes */,
				5E175E521339924A00234482 /* tags */,
			);
			name = refs;
			path = ../../ofxDspChain/.git/refs;
			sourceTree = SOURCE_ROOT;
		};
		5E175E4D1339924A00234482 /* heads */ = {
			isa = PBXGroup;
			children = (
				5E175E4E1339924A00234482 /* master */,
			);
			name = heads;
			path = ../../ofxDspChain/.git/refs/heads;
			sourceTree = SOURCE_ROOT;
		};
		5E175E4F1339924A00234482 /* remotes */ = {
			isa = PBXGroup;
			children = (
				5E175E501339924A00234482 /* origin */,
			);
			name = remotes;
			path = ../../ofxDspChain/.git/refs/remotes;
			sourceTree = SOURCE_ROOT;
		};
		5E175E501339924A00234482 /* origin */ = {
			isa = PBXGroup;
			children = (
				5E175E511339924A00234482 /* HEAD */,
			);
			name = origin;
			path = ../../ofxDspChain/.git/refs/remotes/origin;
			sourceTree = SOURCE_ROOT;
		};
		5E175E521339924A00234482 /* tags */ = {
			isa = PBXGroup;
			children = (
			);
			name = tags;
			path = ../../ofxDspChain/.git/refs/tags;
			sourceTree = SOURCE_ROOT;
		};
		5E175E8E133992BE00234482 /* ofxSynthDev */ = {
			isa = PBXGroup;
			children = (
				5E175EB6133992BE00234482 /* src */,
			);
			name = ofxSynthDev;
			path = ../../ofxSynthDev;
			sourceTree = SOURCE_ROOT;
		};
		5E175EB6133992BE00234482 /* src */ = {
			isa = PBXGroup;
			children = (
				5E175EB7133992BE00234482 /* ofxSynth.cpp */,
				5E175EB8133992BE00234482 /* ofxSynth.h */,
				5E175EB9133992BE00234482 /* ofxSynthDelayLine.cpp */,
				5E175EBA133992BE00234482 /* ofxSynthDelayLine.h */,
				5E175EBB133992BE00234482 /* ofxSynthEnvelope.cpp */,
				5E175EBC133992BE00234482 /* ofxSynthEnvelope.h */,
				5E175EBD133992BE00234482 /* ofxSynthFilter.cpp */,
				5E175EBE133992BE00234482 /* ofxSynthFilter.h */,
				5E175EBF133992BE00234482 /* ofxSynthSampler.cpp */,
				5E175EC0133992BE00234482 /* ofxSynthSampler.h */,
				5E175EC1133992BE00234482 /* ofxSynthWaveWriter.cpp */,
				5E175EC2133992BE00234482 /* ofxSynthWaveWriter.h */,
			);
			name = src;
			path = ../../ofxSynthDev/src;
			sourceTree = SOURCE_ROOT;
		};
		5E25686A10ED26BE00A9501C /* poco */ = {
			isa = PBXGroup;
			children = (
				5E25686E10ED26CC00A9501C /* lib */,
			);
			name = poco;
			sourceTree = "<group>";
		};
		5E25686E10ED26CC00A9501C /* lib */ = {
			isa = PBXGroup;
			children = (
				5E25686F10ED26CC00A9501C /* iphone */,
				5E25687F10ED26CC00A9501C /* osx */,
			);
			name = lib;
			path = ../../../libs/poco/lib;
			sourceTree = SOURCE_ROOT;
		};
		5E25686F10ED26CC00A9501C /* iphone */ = {
			isa = PBXGroup;
			children = (
				5E25687110ED26CC00A9501C /* PocoFoundation.a */,
				5E25687210ED26CC00A9501C /* PocoNet.a */,
				5E25687310ED26CC00A9501C /* PocoUtil.a */,
				5E25687410ED26CC00A9501C /* PocoXML.a */,
			);
			name = iphone;
			path = ../../../libs/poco/lib/iphone;
			sourceTree = SOURCE_ROOT;
		};
		5E25687F10ED26CC00A9501C /* osx */ = {
			isa = PBXGroup;
			children = (
				5E25688110ED26CC00A9501C /* PocoFoundation.a */,
				5E25688210ED26CC00A9501C /* PocoNet.a */,
				5E25688310ED26CC00A9501C /* PocoUtil.a */,
				5E25688410ED26CC00A9501C /* PocoXML.a */,
			);
			name = osx;
			path = ../../../libs/poco/lib/osx;
			sourceTree = SOURCE_ROOT;
		};
		5EBBC3C1133AD8A800B0CE3D /* ofxSpriteSheetRenderer */ = {
			isa = PBXGroup;
			children = (
				5EBBC3EE133AD8A800B0CE3D /* src */,
			);
			name = ofxSpriteSheetRenderer;
			path = ../../ofxSpriteSheetRenderer;
			sourceTree = SOURCE_ROOT;
		};
		5EBBC3EE133AD8A800B0CE3D /* src */ = {
			isa = PBXGroup;
			children = (
				5EBBC3EF133AD8A800B0CE3D /* CollageTexture.cpp */,
				5EBBC3F0133AD8A800B0CE3D /* CollageTexture.h */,
				5EBBC3F1133AD8A800B0CE3D /* LinearTexture.cpp */,
				5EBBC3F2133AD8A800B0CE3D /* LinearTexture.h */,
				5EBBC3F3133AD8A800B0CE3D /* ofxSpriteSheetRenderer.cpp */,
				5EBBC3F4133AD8A800B0CE3D /* ofxSpriteSheetRenderer.h */,
				5EBBC3F5133AD8A800B0CE3D /* PixelTexture.cpp */,
				5EBBC3F6133AD8A800B0CE3D /* PixelTexture.h */,
			);
			name = src;
			path = ../../ofxSpriteSheetRenderer/src;
			sourceTree = SOURCE_ROOT;
		};
		71804E0D131DDD5F009C406C /* ofxBlud */ = {
			isa = PBXGroup;
			children = (
				71804E67131DDD5F009C406C /* libs */,
				71804EA1131DDD5F009C406C /* src */,
			);
			name = ofxBlud;
			path = ..;
			sourceTree = SOURCE_ROOT;
		};
		71804E67131DDD5F009C406C /* libs */ = {
			isa = PBXGroup;
			children = (
				71804E68131DDD5F009C406C /* lua */,
				71804E9F131DDD5F009C406C /* lunar.h */,
			);
			name = libs;
			path = ../libs;
			sourceTree = SOURCE_ROOT;
		};
		71804E68131DDD5F009C406C /* lua */ = {
			isa = PBXGroup;
			children = (
				71804E69131DDD5F009C406C /* lapi.c */,
				71804E6A131DDD5F009C406C /* lapi.h */,
				71804E6B131DDD5F009C406C /* lauxlib.c */,
				71804E6C131DDD5F009C406C /* lauxlib.h */,
				71804E6D131DDD5F009C406C /* lbaselib.c */,
				71804E6E131DDD5F009C406C /* lcode.c */,
				71804E6F131DDD5F009C406C /* lcode.h */,
				71804E70131DDD5F009C406C /* ldblib.c */,
				71804E71131DDD5F009C406C /* ldebug.c */,
				71804E72131DDD5F009C406C /* ldebug.h */,
				71804E73131DDD5F009C406C /* ldo.c */,
				71804E74131DDD5F009C406C /* ldo.h */,
				71804E75131DDD5F009C406C /* ldump.c */,
				71804E76131DDD5F009C406C /* lfunc.c */,
				71804E77131DDD5F009C406C /* lfunc.h */,
				71804E78131DDD5F009C406C /* lgc.c */,
				71804E79131DDD5F009C406C /* lgc.h */,
				71804E7A131DDD5F009C406C /* linit.c */,
				71804E7B131DDD5F009C406C /* liolib.c */,
				71804E7C131DDD5F009C406C /* llex.c */,
				71804E7D131DDD5F009C406C /* llex.h */,
				71804E7E131DDD5F009C406C /* llimits.h */,
				71804E7F131DDD5F009C406C /* lmathlib.c */,
				71804E80131DDD5F009C406C /* lmem.c */,
				71804E81131DDD5F009C406C /* lmem.h */,
				71804E82131DDD5F009C406C /* loadlib.c */,
				71804E83131DDD5F009C406C /* lobject.c */,
				71804E84131DDD5F009C406C /* lobject.h */,
				71804E85131DDD5F009C406C /* lopcodes.c */,
				71804E86131DDD5F009C406C /* lopcodes.h */,
				71804E87131DDD5F009C406C /* loslib.c */,
				71804E88131DDD5F009C406C /* lparser.c */,
				71804E89131DDD5F009C406C /* lparser.h */,
				71804E8A131DDD5F009C406C /* lstate.c */,
				71804E8B131DDD5F009C406C /* lstate.h */,
				71804E8C131DDD5F009C406C /* lstring.c */,
				71804E8D131DDD5F009C406C /* lstring.h */,
				71804E8E131DDD5F009C406C /* lstrlib.c */,
				71804E8F131DDD5F009C406C /* ltable.c */,
				71804E90131DDD5F009C406C /* ltable.h */,
				71804E91131DDD5F009C406C /* ltablib.c */,
				71804E92131DDD5F009C406C /* ltm.c */,
				71804E93131DDD5F009C406C /* ltm.h */,
				71804E94131DDD5F009C406C /* lua.h */,
				71804E95131DDD5F009C406C /* luaconf.h */,
				71804E96131DDD5F009C406C /* lualib.h */,
				71804E97131DDD5F009C406C /* lundump.c */,
				71804E98131DDD5F009C406C /* lundump.h */,
				71804E99131DDD5F009C406C /* lvm.c */,
				71804E9A131DDD5F009C406C /* lvm.h */,
				71804E9B131DDD5F009C406C /* lzio.c */,
				71804E9C131DDD5F009C406C /* lzio.h */,
				71804E9D131DDD5F009C406C /* Makefile */,
				71804E9E131DDD5F009C406C /* print.c */,
			);
			name = lua;
			path = ../libs/lua;
			sourceTree = SOURCE_ROOT;
		};
		71804EA1131DDD5F009C406C /* src */ = {
			isa = PBXGroup;
			children = (
				71804EA2131DDD5F009C406C /* blud_boot.h */,
				71804EA3131DDD5F009C406C /* bludGraphics.h */,
				71804EA4131DDD5F009C406C /* bludImage.h */,
				71804EA5131DDD5F009C406C /* bludSynth.h */,
				71804EA6131DDD5F009C406C /* ofxBlud.cpp */,
				71804EA7131DDD5F009C406C /* ofxBlud.h */,
				71804F2A131DE120009C406C /* bludMixer.h */,
				71804F2B131DE12D009C406C /* bludMixer.cpp */,
				7105A39913257A090060EAAA /* bludAudioSync.h */,
				7105A39A13257A090060EAAA /* bludAudioSync.cpp */,
				5E739A28133D0D820087E195 /* bludSpriteSheet.h */,
				5EBBC37C133AD60200B0CE3D /* bludEntity.h */,
			);
			name = src;
			path = ../src;
			sourceTree = SOURCE_ROOT;
		};
		BB16E9930F2B1E5900518274 /* libs */ = {
			isa = PBXGroup;
			children = (
				BBE5E94E0F497BD800F28951 /* core */,
			);
			name = libs;
			sourceTree = "<group>";
		};
		BB16F26B0F2B646B00518274 /* addons */ = {
			isa = PBXGroup;
			children = (
				5EBBC3C1133AD8A800B0CE3D /* ofxSpriteSheetRenderer */,
				5E175E8E133992BE00234482 /* ofxSynthDev */,
				5E175E221339924A00234482 /* ofxDspChain */,
				71804E0D131DDD5F009C406C /* ofxBlud */,
			);
			name = addons;
			sourceTree = "<group>";
		};
		BB24DD8B10DA77E000E9C588 /* data */ = {
			isa = PBXGroup;
			children = (
				5E739A26133D0C8B0087E195 /* spriteSheetExample.png */,
				5E739A24133D0C6B0087E195 /* spriteExample.lua */,
				BB24DD8C10DA77E000E9C588 /* Default.png */,
				BB24DD8D10DA77E000E9C588 /* Icon.png */,
			);
			name = data;
			path = bin/data;
			sourceTree = "<group>";
		};
		BB24DDCD10DA784F00E9C588 /* FreeImage */ = {
			isa = PBXGroup;
			children = (
				BB24DDCE10DA784F00E9C588 /* include */,
				BB24DDD010DA784F00E9C588 /* lib */,
			);
			name = FreeImage;
			path = ../../../libs/FreeImage;
			sourceTree = SOURCE_ROOT;
		};
		BB24DDCE10DA784F00E9C588 /* include */ = {
			isa = PBXGroup;
			children = (
				BB24DDCF10DA784F00E9C588 /* FreeImage.h */,
			);
			path = include;
			sourceTree = "<group>";
		};
		BB24DDD010DA784F00E9C588 /* lib */ = {
			isa = PBXGroup;
			children = (
				E434BF6612477EDE00452519 /* osx */,
				BB24DDD110DA784F00E9C588 /* iphone */,
			);
			path = lib;
			sourceTree = "<group>";
		};
		BB24DDD110DA784F00E9C588 /* iphone */ = {
			isa = PBXGroup;
			children = (
				E434BF6412477ED500452519 /* freeimage-iphone.a */,
			);
			path = iphone;
			sourceTree = "<group>";
		};
		BB24DDDD10DA785000E9C588 /* freetype */ = {
			isa = PBXGroup;
			children = (
				BB24DDDE10DA785000E9C588 /* include */,
				BB24DE1110DA785000E9C588 /* lib */,
			);
			name = freetype;
			path = ../../../libs/freetype;
			sourceTree = SOURCE_ROOT;
		};
		BB24DDDE10DA785000E9C588 /* include */ = {
			isa = PBXGroup;
			children = (
				BB24DDDF10DA785000E9C588 /* freetype2 */,
				BB24DE0E10DA785000E9C588 /* ft2build.h */,
			);
			path = include;
			sourceTree = "<group>";
		};
		BB24DDDF10DA785000E9C588 /* freetype2 */ = {
			isa = PBXGroup;
			children = (
				BB24DDE010DA785000E9C588 /* freetype */,
			);
			path = freetype2;
			sourceTree = "<group>";
		};
		BB24DDE010DA785000E9C588 /* freetype */ = {
			isa = PBXGroup;
			children = (
				BB24DDE110DA785000E9C588 /* config */,
				BB24DDE710DA785000E9C588 /* freetype.h */,
				BB24DDE810DA785000E9C588 /* ftbbox.h */,
				BB24DDE910DA785000E9C588 /* ftbdf.h */,
				BB24DDEA10DA785000E9C588 /* ftbitmap.h */,
				BB24DDEB10DA785000E9C588 /* ftcache.h */,
				BB24DDEC10DA785000E9C588 /* ftchapters.h */,
				BB24DDED10DA785000E9C588 /* fterrdef.h */,
				BB24DDEE10DA785000E9C588 /* fterrors.h */,
				BB24DDEF10DA785000E9C588 /* ftgasp.h */,
				BB24DDF010DA785000E9C588 /* ftglyph.h */,
				BB24DDF110DA785000E9C588 /* ftgxval.h */,
				BB24DDF210DA785000E9C588 /* ftgzip.h */,
				BB24DDF310DA785000E9C588 /* ftimage.h */,
				BB24DDF410DA785000E9C588 /* ftincrem.h */,
				BB24DDF510DA785000E9C588 /* ftlcdfil.h */,
				BB24DDF610DA785000E9C588 /* ftlist.h */,
				BB24DDF710DA785000E9C588 /* ftlzw.h */,
				BB24DDF810DA785000E9C588 /* ftmac.h */,
				BB24DDF910DA785000E9C588 /* ftmm.h */,
				BB24DDFA10DA785000E9C588 /* ftmodapi.h */,
				BB24DDFB10DA785000E9C588 /* ftmoderr.h */,
				BB24DDFC10DA785000E9C588 /* ftotval.h */,
				BB24DDFD10DA785000E9C588 /* ftoutln.h */,
				BB24DDFE10DA785000E9C588 /* ftpfr.h */,
				BB24DDFF10DA785000E9C588 /* ftrender.h */,
				BB24DE0010DA785000E9C588 /* ftsizes.h */,
				BB24DE0110DA785000E9C588 /* ftsnames.h */,
				BB24DE0210DA785000E9C588 /* ftstroke.h */,
				BB24DE0310DA785000E9C588 /* ftsynth.h */,
				BB24DE0410DA785000E9C588 /* ftsystem.h */,
				BB24DE0510DA785000E9C588 /* fttrigon.h */,
				BB24DE0610DA785000E9C588 /* fttypes.h */,
				BB24DE0710DA785000E9C588 /* ftwinfnt.h */,
				BB24DE0810DA785000E9C588 /* ftxf86.h */,
				BB24DE0910DA785000E9C588 /* t1tables.h */,
				BB24DE0A10DA785000E9C588 /* ttnameid.h */,
				BB24DE0B10DA785000E9C588 /* tttables.h */,
				BB24DE0C10DA785000E9C588 /* tttags.h */,
				BB24DE0D10DA785000E9C588 /* ttunpat.h */,
			);
			path = freetype;
			sourceTree = "<group>";
		};
		BB24DDE110DA785000E9C588 /* config */ = {
			isa = PBXGroup;
			children = (
				BB24DDE210DA785000E9C588 /* ftconfig.h */,
				BB24DDE310DA785000E9C588 /* ftheader.h */,
				BB24DDE410DA785000E9C588 /* ftmodule.h */,
				BB24DDE510DA785000E9C588 /* ftoption.h */,
				BB24DDE610DA785000E9C588 /* ftstdlib.h */,
			);
			path = config;
			sourceTree = "<group>";
		};
		BB24DE1110DA785000E9C588 /* lib */ = {
			isa = PBXGroup;
			children = (
				E4A8229D12560AFE002F86A2 /* osx */,
				BB24DE1210DA785000E9C588 /* iphone */,
			);
			path = lib;
			sourceTree = "<group>";
		};
		BB24DE1210DA785000E9C588 /* iphone */ = {
			isa = PBXGroup;
			children = (
				E434BF7212477FBA00452519 /* freetype-iphone.a */,
			);
			path = iphone;
			sourceTree = "<group>";
		};
		BB24DE1F10DA785000E9C588 /* glu */ = {
			isa = PBXGroup;
			children = (
				DA7851261105C039007EFC90 /* include_iphone */,
				BB24DE2510DA785000E9C588 /* lib */,
			);
			name = glu;
			path = ../../../libs/glu;
			sourceTree = SOURCE_ROOT;
		};
		BB24DE2510DA785000E9C588 /* lib */ = {
			isa = PBXGroup;
			children = (
				BB24DE2610DA785000E9C588 /* iphone */,
			);
			path = lib;
			sourceTree = "<group>";
		};
		BB24DE2610DA785000E9C588 /* iphone */ = {
			isa = PBXGroup;
			children = (
				E496D5AF1252C8210098A2B3 /* glu-iphone.a */,
				E496D5B01252C8210098A2B3 /* glu.a */,
			);
			path = iphone;
			sourceTree = "<group>";
		};
		BB24E1F710DAA51900E9C588 /* openFrameworks */ = {
			isa = PBXGroup;
			children = (
				E49BCC4812554B69009F19D0 /* iPhone+OF Lib.xcodeproj */,
			);
			name = openFrameworks;
			sourceTree = "<group>";
		};
		BB3F144E0F4C6BF200A33527 /* core libraries */ = {
			isa = PBXGroup;
			children = (
				5E25686A10ED26BE00A9501C /* poco */,
				BB24DDCD10DA784F00E9C588 /* FreeImage */,
				BB24DDDD10DA785000E9C588 /* freetype */,
				BB24DE1F10DA785000E9C588 /* glu */,
				29B97315FDCFA39411CA2CEA /* Other Sources */,
			);
			name = "core libraries";
			sourceTree = "<group>";
		};
		BBE5E94E0F497BD800F28951 /* core */ = {
			isa = PBXGroup;
			children = (
				BB3F144E0F4C6BF200A33527 /* core libraries */,
				29B97323FDCFA39411CA2CEA /* core frameworks */,
			);
			name = core;
			sourceTree = "<group>";
		};
		DA7851261105C039007EFC90 /* include_iphone */ = {
			isa = PBXGroup;
			children = (
				DA7851271105C039007EFC90 /* glu.h */,
				DA7851281105C039007EFC90 /* gluos.h */,
			);
			path = include_iphone;
			sourceTree = "<group>";
		};
		E434BF6612477EDE00452519 /* osx */ = {
			isa = PBXGroup;
			children = (
				E434BF6712477EDE00452519 /* freeimage.a */,
			);
			name = osx;
			path = ../../../libs/FreeImage/lib/osx;
			sourceTree = SOURCE_ROOT;
		};
		E49BCC4912554B69009F19D0 /* Products */ = {
			isa = PBXGroup;
			children = (
				E49BCC5012554B6A009F19D0 /* libofxiPhone_macosx_Release.a */,
			);
			name = Products;
			sourceTree = "<group>";
		};
		E4A8229D12560AFE002F86A2 /* osx */ = {
			isa = PBXGroup;
			children = (
				E4A8229E12560AFE002F86A2 /* freetype.a */,
			);
			name = osx;
			path = ../../../libs/freetype/lib/osx;
			sourceTree = SOURCE_ROOT;
		};
		E4D8936A11527B74007E1F53 /* src */ = {
			isa = PBXGroup;
			children = (
				E4D8936B11527B74007E1F53 /* main.mm */,
				E4D8936D11527B74007E1F53 /* testApp.mm */,
				E4D8936C11527B74007E1F53 /* testApp.h */,
			);
			path = src;
			sourceTree = SOURCE_ROOT;
		};
/* End PBXGroup section */

/* Begin PBXNativeTarget section */
		1D6058900D05DD3D006BFB54 /* emptyExample */ = {
			isa = PBXNativeTarget;
			buildConfigurationList = 1D6058960D05DD3E006BFB54 /* Build configuration list for PBXNativeTarget "emptyExample" */;
			buildPhases = (
				1D60588D0D05DD3D006BFB54 /* Resources */,
				1D60588E0D05DD3D006BFB54 /* Sources */,
				1D60588F0D05DD3D006BFB54 /* Frameworks */,
				9255DD331112741900D6945E /* ShellScript */,
			);
			buildRules = (
			);
			dependencies = (
				E49BCC6E12554C6C009F19D0 /* PBXTargetDependency */,
			);
			name = emptyExample;
			productName = iPhone;
			productReference = 1D6058910D05DD3D006BFB54 /* emptyExample.app */;
			productType = "com.apple.product-type.application";
		};
/* End PBXNativeTarget section */

/* Begin PBXProject section */
		29B97313FDCFA39411CA2CEA /* Project object */ = {
			isa = PBXProject;
			buildConfigurationList = C01FCF4E08A954540054247B /* Build configuration list for PBXProject "bludSpriteExample" */;
			compatibilityVersion = "Xcode 3.1";
			developmentRegion = English;
			hasScannedForEncodings = 1;
			knownRegions = (
				English,
				Japanese,
				French,
				German,
			);
			mainGroup = 29B97314FDCFA39411CA2CEA /* CustomTemplate */;
			projectDirPath = "";
			projectReferences = (
				{
					ProductGroup = E49BCC4912554B69009F19D0 /* Products */;
					ProjectRef = E49BCC4812554B69009F19D0 /* iPhone+OF Lib.xcodeproj */;
				},
			);
			projectRoot = "";
			targets = (
				1D6058900D05DD3D006BFB54 /* emptyExample */,
			);
		};
/* End PBXProject section */

/* Begin PBXReferenceProxy section */
		E49BCC5012554B6A009F19D0 /* libofxiPhone_macosx_Release.a */ = {
			isa = PBXReferenceProxy;
			fileType = archive.ar;
			path = libofxiPhone_macosx_Release.a;
			remoteRef = E49BCC4F12554B6A009F19D0 /* PBXContainerItemProxy */;
			sourceTree = BUILT_PRODUCTS_DIR;
		};
/* End PBXReferenceProxy section */

/* Begin PBXResourcesBuildPhase section */
		1D60588D0D05DD3D006BFB54 /* Resources */ = {
			isa = PBXResourcesBuildPhase;
			buildActionMask = 2147483647;
			files = (
				BB24DD8F10DA77E000E9C588 /* Default.png in Resources */,
				BB24DD9010DA77E000E9C588 /* Icon.png in Resources */,
				BB24DDCA10DA781C00E9C588 /* ofxiphone-Info.plist in Resources */,
				5E175E571339924A00234482 /* config in Resources */,
				5E175E581339924A00234482 /* description in Resources */,
				5E175E591339924A00234482 /* FETCH_HEAD in Resources */,
				5E175E5A1339924A00234482 /* HEAD in Resources */,
				5E175E5B1339924A00234482 /* applypatch-msg.sample in Resources */,
				5E175E5C1339924A00234482 /* commit-msg.sample in Resources */,
				5E175E5D1339924A00234482 /* post-commit.sample in Resources */,
				5E175E5E1339924A00234482 /* post-receive.sample in Resources */,
				5E175E5F1339924A00234482 /* post-update.sample in Resources */,
				5E175E601339924A00234482 /* pre-applypatch.sample in Resources */,
				5E175E611339924A00234482 /* pre-commit.sample in Resources */,
				5E175E621339924A00234482 /* pre-rebase.sample in Resources */,
				5E175E631339924A00234482 /* prepare-commit-msg.sample in Resources */,
				5E175E641339924A00234482 /* update.sample in Resources */,
				5E175E651339924A00234482 /* index in Resources */,
				5E175E661339924A00234482 /* exclude in Resources */,
				5E175E671339924A00234482 /* HEAD in Resources */,
				5E175E681339924A00234482 /* master in Resources */,
				5E175E691339924A00234482 /* HEAD in Resources */,
				5E175E6A1339924A00234482 /* dbcaeb49053111524e0abab95f390c70301b27 in Resources */,
				5E175E6B1339924A00234482 /* 2aa4eb44d82a5ecf44dcd9e5cc0a474a47c2de in Resources */,
				5E175E6C1339924A00234482 /* b628ad170818d093b50ff7fa6dc8f0d8d0685d in Resources */,
				5E175E6D1339924A00234482 /* fb2477d6a53c89d5479ebfed27f75b315f2986 in Resources */,
				5E175E6E1339924A00234482 /* pack-e015f9013c623c7f1c2e9293a748c04164d16f4a.idx in Resources */,
				5E175E6F1339924A00234482 /* pack-e015f9013c623c7f1c2e9293a748c04164d16f4a.pack in Resources */,
				5E175E701339924A00234482 /* ORIG_HEAD in Resources */,
				5E175E711339924A00234482 /* packed-refs in Resources */,
				5E175E721339924A00234482 /* master in Resources */,
				5E175E731339924A00234482 /* HEAD in Resources */,
				5E739A27133D0C8B0087E195 /* spriteSheetExample.png in Resources */,
			);
			runOnlyForDeploymentPostprocessing = 0;
		};
/* End PBXResourcesBuildPhase section */

/* Begin PBXShellScriptBuildPhase section */
		9255DD331112741900D6945E /* ShellScript */ = {
			isa = PBXShellScriptBuildPhase;
			buildActionMask = 2147483647;
			files = (
			);
			inputPaths = (
			);
			outputPaths = (
			);
			runOnlyForDeploymentPostprocessing = 0;
			shellPath = /bin/sh;
			shellScript = "cp -rf bin/data/ \"$TARGET_BUILD_DIR/$PRODUCT_NAME.app\"\n";
		};
/* End PBXShellScriptBuildPhase section */

/* Begin PBXSourcesBuildPhase section */
		1D60588E0D05DD3D006BFB54 /* Sources */ = {
			isa = PBXSourcesBuildPhase;
			buildActionMask = 2147483647;
			files = (
				E4D8936E11527B74007E1F53 /* main.mm in Sources */,
				E4D8936F11527B74007E1F53 /* testApp.mm in Sources */,
				71804EDD131DDD5F009C406C /* lapi.c in Sources */,
				71804EDE131DDD5F009C406C /* lauxlib.c in Sources */,
				71804EDF131DDD5F009C406C /* lbaselib.c in Sources */,
				71804EE0131DDD5F009C406C /* lcode.c in Sources */,
				71804EE1131DDD5F009C406C /* ldblib.c in Sources */,
				71804EE2131DDD5F009C406C /* ldebug.c in Sources */,
				71804EE3131DDD5F009C406C /* ldo.c in Sources */,
				71804EE4131DDD5F009C406C /* ldump.c in Sources */,
				71804EE5131DDD5F009C406C /* lfunc.c in Sources */,
				71804EE6131DDD5F009C406C /* lgc.c in Sources */,
				71804EE7131DDD5F009C406C /* linit.c in Sources */,
				71804EE8131DDD5F009C406C /* liolib.c in Sources */,
				71804EE9131DDD5F009C406C /* llex.c in Sources */,
				71804EEA131DDD5F009C406C /* lmathlib.c in Sources */,
				71804EEB131DDD5F009C406C /* lmem.c in Sources */,
				71804EEC131DDD5F009C406C /* loadlib.c in Sources */,
				71804EED131DDD5F009C406C /* lobject.c in Sources */,
				71804EEE131DDD5F009C406C /* lopcodes.c in Sources */,
				71804EEF131DDD5F009C406C /* loslib.c in Sources */,
				71804EF0131DDD5F009C406C /* lparser.c in Sources */,
				71804EF1131DDD5F009C406C /* lstate.c in Sources */,
				71804EF2131DDD5F009C406C /* lstring.c in Sources */,
				71804EF3131DDD5F009C406C /* lstrlib.c in Sources */,
				71804EF4131DDD5F009C406C /* ltable.c in Sources */,
				71804EF5131DDD5F009C406C /* ltablib.c in Sources */,
				71804EF6131DDD5F009C406C /* ltm.c in Sources */,
				71804EF7131DDD5F009C406C /* lundump.c in Sources */,
				71804EF8131DDD5F009C406C /* lvm.c in Sources */,
				71804EF9131DDD5F009C406C /* lzio.c in Sources */,
				71804EFA131DDD5F009C406C /* Makefile in Sources */,
				71804EFB131DDD5F009C406C /* print.c in Sources */,
				71804EFD131DDD5F009C406C /* ofxBlud.cpp in Sources */,
				71804F2C131DE12D009C406C /* bludMixer.cpp in Sources */,
				7105A39B13257A090060EAAA /* bludAudioSync.cpp in Sources */,
				5E175E741339924A00234482 /* ofSoundEffect.cpp in Sources */,
				5E175E751339924A00234482 /* ofSoundUnit.cpp in Sources */,
				5E175EDA133992BE00234482 /* ofxSynth.cpp in Sources */,
				5E175EDB133992BE00234482 /* ofxSynthDelayLine.cpp in Sources */,
				5E175EDC133992BE00234482 /* ofxSynthEnvelope.cpp in Sources */,
				5E175EDD133992BE00234482 /* ofxSynthFilter.cpp in Sources */,
				5E175EDE133992BE00234482 /* ofxSynthSampler.cpp in Sources */,
				5E175EDF133992BE00234482 /* ofxSynthWaveWriter.cpp in Sources */,
				5EBBC415133AD8A800B0CE3D /* CollageTexture.cpp in Sources */,
				5EBBC416133AD8A800B0CE3D /* LinearTexture.cpp in Sources */,
				5EBBC417133AD8A800B0CE3D /* ofxSpriteSheetRenderer.cpp in Sources */,
				5EBBC418133AD8A800B0CE3D /* PixelTexture.cpp in Sources */,
				5E739A25133D0C6B0087E195 /* spriteExample.lua in Sources */,
			);
			runOnlyForDeploymentPostprocessing = 0;
		};
/* End PBXSourcesBuildPhase section */

/* Begin PBXTargetDependency section */
		E49BCC6E12554C6C009F19D0 /* PBXTargetDependency */ = {
			isa = PBXTargetDependency;
			name = "iPhone+OF Static Library";
			targetProxy = E49BCC6D12554C6C009F19D0 /* PBXContainerItemProxy */;
		};
/* End PBXTargetDependency section */

/* Begin XCBuildConfiguration section */
		1D6058940D05DD3E006BFB54 /* Debug */ = {
			isa = XCBuildConfiguration;
			buildSettings = {
				ALWAYS_SEARCH_USER_PATHS = NO;
				GCC_OPTIMIZATION_LEVEL = 0;
				GCC_PRECOMPILE_PREFIX_HEADER = YES;
				GCC_PREFIX_HEADER = iPhone_Prefix.pch;
				GCC_THUMB_SUPPORT = NO;
				INFOPLIST_FILE = "ofxiphone-Info.plist";
				LIBRARY_SEARCH_PATHS = (
					"$(inherited)",
					"\"$(SRCROOT)/../../../libs/freetype/lib/osx\"",
				);
				ONLY_ACTIVE_ARCH = YES;
				PRODUCT_NAME = "${TARGET_NAME}";
			};
			name = Debug;
		};
		1D6058950D05DD3E006BFB54 /* Release */ = {
			isa = XCBuildConfiguration;
			buildSettings = {
				ALWAYS_SEARCH_USER_PATHS = NO;
				GCC_PRECOMPILE_PREFIX_HEADER = YES;
				GCC_PREFIX_HEADER = iPhone_Prefix.pch;
				GCC_THUMB_SUPPORT = NO;
				INFOPLIST_FILE = "ofxiphone-Info.plist";
				LIBRARY_SEARCH_PATHS = (
					"$(inherited)",
					"\"$(SRCROOT)/../../../libs/freetype/lib/osx\"",
				);
				ONLY_ACTIVE_ARCH = YES;
				PRODUCT_NAME = "${TARGET_NAME}";
			};
			name = Release;
		};
		C01FCF4F08A954540054247B /* Debug */ = {
			isa = XCBuildConfiguration;
			buildSettings = {
				ARCHS = "$(ARCHS_STANDARD_32_BIT)";
				"CODE_SIGN_IDENTITY[sdk=iphoneos*]" = "iPhone Developer";
				COMPRESS_PNG_FILES = NO;
				GCC_C_LANGUAGE_STANDARD = c99;
				GCC_OPTIMIZATION_LEVEL = 0;
				GCC_SYMBOLS_PRIVATE_EXTERN = NO;
				GCC_THUMB_SUPPORT = NO;
				GCC_WARN_ABOUT_DEPRECATED_FUNCTIONS = NO;
				GCC_WARN_ABOUT_INVALID_OFFSETOF_MACRO = NO;
				GCC_WARN_ABOUT_POINTER_SIGNEDNESS = NO;
				GCC_WARN_ABOUT_RETURN_TYPE = YES;
				GCC_WARN_ALLOW_INCOMPLETE_PROTOCOL = NO;
				GCC_WARN_PROTOTYPE_CONVERSION = NO;
				GCC_WARN_UNUSED_VARIABLE = YES;
				HEADER_SEARCH_PATHS = (
					../../../libs/poco/include,
					"../../../addons/ofxAccelerometer/**",
					"../../../addons/ofxMultitouch/**",
					"../../../addons/ofxiPhone/**",
					"../../../libs/openFrameworks/**",
					"../../../libs/freetype/**",
				);
				IPHONEOS_DEPLOYMENT_TARGET = 3.1;
				LIBRARY_SEARCH_PATHS = (
					"$(inherited)",
					"\"$(SRCROOT)/../../../libs/freetype/lib\"",
					"\"$(SRCROOT)/../../../libs/freeimage/lib\"",
					"\"$(SRCROOT)/../../../libs/FreeImage/lib/iphone\"",
					"\"$(SRCROOT)/../../../libs/FreeImage/lib/osx\"",
					"\"$(SRCROOT)/../../../libs/freetype/lib/iphone\"",
					"\"$(SRCROOT)/../../../libs/freetype/lib/osx\"",
					"\"$(SRCROOT)/../../../libs/glu/lib/iphone\"",
					"\"$(SRCROOT)/../../../libs/poco/lib/osx\"",
					"\"$(SRCROOT)/../../../libs/poco/lib/iphone\"",
				);
				MACOSX_DEPLOYMENT_TARGET = 10.6;
				ONLY_ACTIVE_ARCH = NO;
				OTHER_LDFLAGS = "-ObjC";
				PREBINDING = NO;
				"PROVISIONING_PROFILE[sdk=iphoneos*]" = "";
				SDKROOT = iphoneos;
				TARGETED_DEVICE_FAMILY = 1;
				WARNING_LDFLAGS = "";
			};
			name = Debug;
		};
		C01FCF5008A954540054247B /* Release */ = {
			isa = XCBuildConfiguration;
			buildSettings = {
				ARCHS = "$(ARCHS_STANDARD_32_BIT)";
				"CODE_SIGN_IDENTITY[sdk=iphoneos*]" = "iPhone Developer";
				COMPRESS_PNG_FILES = NO;
				GCC_C_LANGUAGE_STANDARD = c99;
				GCC_DYNAMIC_NO_PIC = YES;
				GCC_GENERATE_DEBUGGING_SYMBOLS = NO;
				GCC_SYMBOLS_PRIVATE_EXTERN = NO;
				GCC_THUMB_SUPPORT = NO;
				GCC_WARN_ABOUT_RETURN_TYPE = YES;
				GCC_WARN_UNUSED_VARIABLE = YES;
				HEADER_SEARCH_PATHS = (
					../../../libs/poco/include,
					"../../../addons/ofxAccelerometer/**",
					"../../../addons/ofxMultitouch/**",
					"../../../addons/ofxiPhone/**",
					"../../../libs/openFrameworks/**",
					"../../../libs/freetype/**",
				);
				IPHONEOS_DEPLOYMENT_TARGET = 3.1;
				LIBRARY_SEARCH_PATHS = (
					"$(inherited)",
					"\"$(SRCROOT)/../../../libs/freetype/lib\"",
					"\"$(SRCROOT)/../../../libs/freeimage/lib\"",
					"\"$(SRCROOT)/../../../libs/FreeImage/lib/iphone\"",
					"\"$(SRCROOT)/../../../libs/FreeImage/lib/osx\"",
					"\"$(SRCROOT)/../../../libs/freetype/lib/iphone\"",
					"\"$(SRCROOT)/../../../libs/freetype/lib/osx\"",
					"\"$(SRCROOT)/../../../libs/glu/lib/iphone\"",
					"\"$(SRCROOT)/../../../libs/poco/lib/osx\"",
					"\"$(SRCROOT)/../../../libs/poco/lib/iphone\"",
				);
				MACOSX_DEPLOYMENT_TARGET = 10.6;
				ONLY_ACTIVE_ARCH = NO;
				OTHER_LDFLAGS = "-ObjC";
				PREBINDING = NO;
				"PROVISIONING_PROFILE[sdk=iphoneos*]" = "";
				SDKROOT = iphoneos;
				TARGETED_DEVICE_FAMILY = 1;
			};
			name = Release;
		};
		E49BCC2F12554938009F19D0 /* ReleaseArmv7 */ = {
			isa = XCBuildConfiguration;
			buildSettings = {
				ARCHS = "$(ARCHS_UNIVERSAL_IPHONE_OS)";
				"CODE_SIGN_IDENTITY[sdk=iphoneos*]" = "iPhone Developer";
				COMPRESS_PNG_FILES = NO;
				GCC_C_LANGUAGE_STANDARD = c99;
				GCC_DYNAMIC_NO_PIC = YES;
				GCC_GENERATE_DEBUGGING_SYMBOLS = NO;
				GCC_SYMBOLS_PRIVATE_EXTERN = NO;
				GCC_THUMB_SUPPORT = NO;
				GCC_WARN_ABOUT_RETURN_TYPE = YES;
				GCC_WARN_UNUSED_VARIABLE = YES;
				HEADER_SEARCH_PATHS = (
					../../../libs/poco/include,
					"../../../addons/ofxAccelerometer/**",
					"../../../addons/ofxMultitouch/**",
					"../../../addons/ofxiPhone/**",
					"../../../libs/openFrameworks/**",
					"../../../libs/freetype/**",
				);
				IPHONEOS_DEPLOYMENT_TARGET = 3.1;
				LIBRARY_SEARCH_PATHS = (
					"$(inherited)",
					"\"$(SRCROOT)/../../../libs/freetype/lib\"",
					"\"$(SRCROOT)/../../../libs/freeimage/lib\"",
					"\"$(SRCROOT)/../../../libs/FreeImage/lib/iphone\"",
					"\"$(SRCROOT)/../../../libs/FreeImage/lib/osx\"",
					"\"$(SRCROOT)/../../../libs/freetype/lib/iphone\"",
					"\"$(SRCROOT)/../../../libs/freetype/lib/osx\"",
					"\"$(SRCROOT)/../../../libs/glu/lib/iphone\"",
					"\"$(SRCROOT)/../../../libs/poco/lib/osx\"",
					"\"$(SRCROOT)/../../../libs/poco/lib/iphone\"",
				);
				MACOSX_DEPLOYMENT_TARGET = 10.5;
				ONLY_ACTIVE_ARCH = NO;
				OTHER_LDFLAGS = "-ObjC";
				PREBINDING = NO;
				"PROVISIONING_PROFILE[sdk=iphoneos*]" = "";
				SDKROOT = iphoneos4.1;
				TARGETED_DEVICE_FAMILY = 1;
			};
			name = ReleaseArmv7;
		};
		E49BCC3012554938009F19D0 /* ReleaseArmv7 */ = {
			isa = XCBuildConfiguration;
			buildSettings = {
				ALWAYS_SEARCH_USER_PATHS = NO;
				GCC_PRECOMPILE_PREFIX_HEADER = YES;
				GCC_PREFIX_HEADER = iPhone_Prefix.pch;
				GCC_THUMB_SUPPORT = NO;
				INFOPLIST_FILE = "ofxiphone-Info.plist";
				LIBRARY_SEARCH_PATHS = (
					"$(inherited)",
					"\"$(SRCROOT)/../../../libs/freetype/lib/osx\"",
				);
				ONLY_ACTIVE_ARCH = YES;
				PRODUCT_NAME = "${TARGET_NAME}";
			};
			name = ReleaseArmv7;
		};
/* End XCBuildConfiguration section */

/* Begin XCConfigurationList section */
		1D6058960D05DD3E006BFB54 /* Build configuration list for PBXNativeTarget "emptyExample" */ = {
			isa = XCConfigurationList;
			buildConfigurations = (
				1D6058940D05DD3E006BFB54 /* Debug */,
				1D6058950D05DD3E006BFB54 /* Release */,
				E49BCC3012554938009F19D0 /* ReleaseArmv7 */,
			);
			defaultConfigurationIsVisible = 0;
			defaultConfigurationName = Release;
		};
		C01FCF4E08A954540054247B /* Build configuration list for PBXProject "bludSpriteExample" */ = {
			isa = XCConfigurationList;
			buildConfigurations = (
				C01FCF4F08A954540054247B /* Debug */,
				C01FCF5008A954540054247B /* Release */,
				E49BCC2F12554938009F19D0 /* ReleaseArmv7 */,
			);
			defaultConfigurationIsVisible = 0;
			defaultConfigurationName = Release;
		};
/* End XCConfigurationList section */
	};
	rootObject = 29B97313FDCFA39411CA2CEA /* Project object */;
}
